
Microsoft Visual Studio Solution File, Format Version 12.00
# Visual Studio 14
VisualStudioVersion = 14.0.24720.0
MinimumVisualStudioVersion = 10.0.40219.1
Project("{2150E333-8FDC-42A3-9474-1A3956D46DE8}") = "Solution Items", "Solution Items", "{2D97BB9D-8A5E-4D42-9B43-C8677E570D8F}"
	ProjectSection(SolutionItems) = preProject
		CreateDatabase.sql = CreateDatabase.sql
		Performance1.psess = Performance1.psess
		Performance2.psess = Performance2.psess
	EndProjectSection
EndProject
Project("{FAE04EC0-301F-11D3-BF4B-00C04F79EFBC}") = "Epi.Web.Interfaces", "Epi.Web.Interfaces\Epi.Web.Interfaces.csproj", "{B8AF69BD-3CE1-4AA5-875D-3FB87C7FCE44}"
EndProject
Project("{FAE04EC0-301F-11D3-BF4B-00C04F79EFBC}") = "Epi.Web.BLL", "EIWS_BLL_Core\Epi.Web.BLL.csproj", "{D49B7A21-644B-49D7-9A5D-387BF31EAFE5}"
EndProject
Project("{FAE04EC0-301F-11D3-BF4B-00C04F79EFBC}") = "Epi.Web.EF", "Epi.Web.EF\Epi.Web.EF.csproj", "{05A484AB-A555-4200-936B-BEC573285BCC}"
EndProject
Project("{FAE04EC0-301F-11D3-BF4B-00C04F79EFBC}") = "Epi.Web.WCF.SurveyService", "SurveyManagerInterface\Epi.Web.WCF.SurveyService.csproj", "{31F91938-2997-4650-8D36-71C845F1071D}"
EndProject
Project("{FAE04EC0-301F-11D3-BF4B-00C04F79EFBC}") = "Epi.Web.SurveyManager.Client", "Epi.Web.SurveyManager_Test\Epi.Web.SurveyManager.Client.csproj", "{13D8FD8D-1403-4C84-823A-1E27806CAC30}"
	ProjectSection(ProjectDependencies) = postProject
		{BEFC85E4-F3A3-4108-9575-4EF1A004364E} = {BEFC85E4-F3A3-4108-9575-4EF1A004364E}
	EndProjectSection
EndProject
Project("{FAE04EC0-301F-11D3-BF4B-00C04F79EFBC}") = "Epi.Web.Common", "Epi.Web.Common\Epi.Web.Common.csproj", "{6E2F059B-C1CD-401F-8A63-DC2933CFB0D8}"
EndProject
Project("{FAE04EC0-301F-11D3-BF4B-00C04F79EFBC}") = "Epi.Web.DynamicForms.Core", "Epi.DynamicForms.Core\Epi.Web.DynamicForms.Core.csproj", "{9624E64A-013F-41E8-84BA-C34EE744685E}"
EndProject
Project("{FAE04EC0-301F-11D3-BF4B-00C04F79EFBC}") = "Epi.Web.WCF.SurveyHost", "Epi.Web.WCF.PublishServer\Epi.Web.WCF.SurveyHost.csproj", "{BEFC85E4-F3A3-4108-9575-4EF1A004364E}"
EndProject
Project("{FAE04EC0-301F-11D3-BF4B-00C04F79EFBC}") = "Epi.Web.CheckCodeEngine", "Epi.Web.CheckCodeEngine\Epi.Web.CheckCodeEngine.csproj", "{6B084882-EF4F-4CF0-85B1-1E8C357AE822}"
EndProject
Project("{2150E333-8FDC-42A3-9474-1A3956D46DE8}") = ".nuget", ".nuget", "{13F1AF55-209F-4F63-A9EC-104FB688602D}"
	ProjectSection(SolutionItems) = preProject
		.nuget\NuGet.Config = .nuget\NuGet.Config
		.nuget\NuGet.exe = .nuget\NuGet.exe
		.nuget\NuGet.targets = .nuget\NuGet.targets
	EndProjectSection
EndProject
Project("{FAE04EC0-301F-11D3-BF4B-00C04F79EFBC}") = "Epi.Cloud", "Epi.Cloud\Epi.Cloud.csproj", "{91794FFF-48C0-414F-933E-34412A29EEAC}"
	ProjectSection(ProjectDependencies) = postProject
		{9624E64A-013F-41E8-84BA-C34EE744685E} = {9624E64A-013F-41E8-84BA-C34EE744685E}
	EndProjectSection
EndProject
Project("{FAE04EC0-301F-11D3-BF4B-00C04F79EFBC}") = "Epi.Core", "Epi.Compatibility\Epi.Core\Epi.Core.csproj", "{EBD2B961-A952-4670-96CA-50BAA12C7F29}"
EndProject
Project("{2150E333-8FDC-42A3-9474-1A3956D46DE8}") = "Epi.Compatibility", "Epi.Compatibility", "{981A998A-AD70-41C0-BD68-FC54AB453921}"
	ProjectSection(SolutionItems) = preProject
		Epi.Cloud.RedisCacheServices\MetadataCache.cs = Epi.Cloud.RedisCacheServices\MetadataCache.cs
	EndProjectSection
EndProject
Project("{FAE04EC0-301F-11D3-BF4B-00C04F79EFBC}") = "Epi.ImportExport", "Epi.Compatibility\Epi.ImportExort\Epi.ImportExport.csproj", "{4696FF9B-C88A-447D-80F2-C9D1C6A09BA8}"
EndProject
Project("{2150E333-8FDC-42A3-9474-1A3956D46DE8}") = "Documentation", "Documentation", "{83D23736-9927-42F2-9D37-4A20263B4C17}"
	ProjectSection(SolutionItems) = preProject
		..\Documentation\Cloud Enter Conceptual v6.pdf = ..\Documentation\Cloud Enter Conceptual v6.pdf
		..\Documentation\Cloud Enter Conceptual v6.vsd = ..\Documentation\Cloud Enter Conceptual v6.vsd
	EndProjectSection
EndProject
Project("{2150E333-8FDC-42A3-9474-1A3956D46DE8}") = "Dev Test Projects", "Dev Test Projects", "{B7914E06-C65D-4677-8290-ED9FDD1BC0F9}"
EndProject
Project("{FAE04EC0-301F-11D3-BF4B-00C04F79EFBC}") = "Epi.Cloud.EF", "Epi.FormMetadataServices\Epi.Cloud.EF\Epi.Cloud.EF.csproj", "{7801686B-F77F-48B7-B36B-CFEFCC2AD796}"
EndProject
Project("{FAE04EC0-301F-11D3-BF4B-00C04F79EFBC}") = "Epi.Cloud.MetadataServices", "Epi.FormMetadataServices\Epi.Cloud.MetadataServices\Epi.Cloud.MetadataServices.csproj", "{985A11FF-91AF-4379-83F8-27AECA8427AF}"
EndProject
Project("{FAE04EC0-301F-11D3-BF4B-00C04F79EFBC}") = "Epi.Cloud.SqlServer", "Epi.FormMetadataServices\Epi.Cloud.SqlServer\Epi.Cloud.SqlServer.csproj", "{1B1FDCFE-78E1-487C-9168-C9FEE18AD936}"
EndProject
Project("{FAE04EC0-301F-11D3-BF4B-00C04F79EFBC}") = "Epi.Cloud.DBAccessServiceAPI", "Epi.FormMetadataServices\Epi.Cloud.DBAccessServiceAPI\Epi.Cloud.DBAccessServiceAPI.csproj", "{AC7AB55A-8191-464D-B4D8-DF7D96A86C5D}"
EndProject
Project("{FAE04EC0-301F-11D3-BF4B-00C04F79EFBC}") = "Epi.Cloud.DataEntryServices", "Epi.FormMetadataServices\Epi.Web.DataEntryServices\Epi.Cloud.DataEntryServices.csproj", "{AA7BFD2A-AB8F-41AF-8F37-F4207627563F}"
EndProject
Project("{FAE04EC0-301F-11D3-BF4B-00C04F79EFBC}") = "Epi.Cloud.CacheServices", "Epi.Cloud.RedisCacheServices\Epi.Cloud.CacheServices.csproj", "{77423EA0-9F83-4E77-AD33-7483C36062EE}"
EndProject
Project("{FAE04EC0-301F-11D3-BF4B-00C04F79EFBC}") = "Epi.Cloud.Common", "Epi.Cloud.Common\Epi.Cloud.Common.csproj", "{31FB19A9-9591-4202-8619-E6EC618FCA73}"
EndProject
Project("{FAE04EC0-301F-11D3-BF4B-00C04F79EFBC}") = "Epi.Cloud.Interfaces", "Epi.Cloud.Interfaces\Epi.Cloud.Interfaces.csproj", "{1ABBBD53-0239-4BDE-8F14-1AAA9FDA2AC2}"
EndProject
Project("{FAE04EC0-301F-11D3-BF4B-00C04F79EFBC}") = "Epi.FormMetadata", "Epi.FormMetadata\Epi.FormMetadata\Epi.FormMetadata.csproj", "{8AD159A9-1A48-4593-91E0-23AE415B0BB2}"
EndProject
Project("{FAE04EC0-301F-11D3-BF4B-00C04F79EFBC}") = "Epi.DataPersistence.Common", "Epi.DataPersistence\Epi.DataPersistence.Common\Epi.DataPersistence.Common.csproj", "{1BD3B7DA-C63F-4644-B391-B364FDF62FF4}"
EndProject
Project("{FAE04EC0-301F-11D3-BF4B-00C04F79EFBC}") = "Epi.DataPersistenceServices.DocumentDB", "Epi.DataPersistence\Epi.DataPersistenceServices.DocumentDB\Epi.DataPersistenceServices.DocumentDB.csproj", "{3E9B6F53-60C7-4671-9138-A1A7EDF413C4}"
EndProject
Project("{FAE04EC0-301F-11D3-BF4B-00C04F79EFBC}") = "Epi.Common", "Epi.Common\Epi.Common.csproj", "{F4C81667-C307-4DB4-A727-FD42342799CF}"
EndProject
Project("{FAE04EC0-301F-11D3-BF4B-00C04F79EFBC}") = "Epi.DataPersistence", "Epi.DataPersistence\Epi.DataPersistence\Epi.DataPersistence.csproj", "{42B79D8B-0388-4134-AA9B-3DC2C1CD23DF}"
EndProject
Project("{FAE04EC0-301F-11D3-BF4B-00C04F79EFBC}") = "Epi.Cloud.DataConsistencyServicesAPI", "Epi.Cloud.DataConsistencyServicesAPI\Epi.Cloud.DataConsistencyServicesAPI.csproj", "{CD816397-9373-4D67-BBC6-E70E563BF4D4}"
EndProject
Project("{FAE04EC0-301F-11D3-BF4B-00C04F79EFBC}") = "Epi.Cloud.ServiceBus", "Epi.Cloud.ServiceBus\Epi.Cloud.ServiceBus.csproj", "{247F0154-3F6B-409B-BEBA-1BF9302D3B9E}"
EndProject
Global
	GlobalSection(SolutionConfigurationPlatforms) = preSolution
		Debug (Exclude EpiMap)|Any CPU = Debug (Exclude EpiMap)|Any CPU
		Debug (Exclude EpiMap)|Mixed Platforms = Debug (Exclude EpiMap)|Mixed Platforms
		Debug (Exclude EpiMap)|x86 = Debug (Exclude EpiMap)|x86
		Debug|Any CPU = Debug|Any CPU
		Debug|Mixed Platforms = Debug|Mixed Platforms
		Debug|x86 = Debug|x86
		Epi.Enter.ServiceApplication|Any CPU = Epi.Enter.ServiceApplication|Any CPU
		Epi.Enter.ServiceApplication|Mixed Platforms = Epi.Enter.ServiceApplication|Mixed Platforms
		Epi.Enter.ServiceApplication|x86 = Epi.Enter.ServiceApplication|x86
		Linux|Any CPU = Linux|Any CPU
		Linux|Mixed Platforms = Linux|Mixed Platforms
		Linux|x86 = Linux|x86
		Release|Any CPU = Release|Any CPU
		Release|Mixed Platforms = Release|Mixed Platforms
		Release|x86 = Release|x86
	EndGlobalSection
	GlobalSection(ProjectConfigurationPlatforms) = postSolution
		{B8AF69BD-3CE1-4AA5-875D-3FB87C7FCE44}.Debug (Exclude EpiMap)|Any CPU.ActiveCfg = Debug|Any CPU
		{B8AF69BD-3CE1-4AA5-875D-3FB87C7FCE44}.Debug (Exclude EpiMap)|Any CPU.Build.0 = Debug|Any CPU
		{B8AF69BD-3CE1-4AA5-875D-3FB87C7FCE44}.Debug (Exclude EpiMap)|Mixed Platforms.ActiveCfg = Debug|Any CPU
		{B8AF69BD-3CE1-4AA5-875D-3FB87C7FCE44}.Debug (Exclude EpiMap)|Mixed Platforms.Build.0 = Debug|Any CPU
		{B8AF69BD-3CE1-4AA5-875D-3FB87C7FCE44}.Debug (Exclude EpiMap)|x86.ActiveCfg = Debug|Any CPU
		{B8AF69BD-3CE1-4AA5-875D-3FB87C7FCE44}.Debug (Exclude EpiMap)|x86.Build.0 = Debug|Any CPU
		{B8AF69BD-3CE1-4AA5-875D-3FB87C7FCE44}.Debug|Any CPU.ActiveCfg = Debug|Any CPU
		{B8AF69BD-3CE1-4AA5-875D-3FB87C7FCE44}.Debug|Any CPU.Build.0 = Debug|Any CPU
		{B8AF69BD-3CE1-4AA5-875D-3FB87C7FCE44}.Debug|Mixed Platforms.ActiveCfg = Debug|Any CPU
		{B8AF69BD-3CE1-4AA5-875D-3FB87C7FCE44}.Debug|Mixed Platforms.Build.0 = Debug|Any CPU
		{B8AF69BD-3CE1-4AA5-875D-3FB87C7FCE44}.Debug|x86.ActiveCfg = Debug|Any CPU
		{B8AF69BD-3CE1-4AA5-875D-3FB87C7FCE44}.Epi.Enter.ServiceApplication|Any CPU.ActiveCfg = Release|Any CPU
		{B8AF69BD-3CE1-4AA5-875D-3FB87C7FCE44}.Epi.Enter.ServiceApplication|Any CPU.Build.0 = Release|Any CPU
		{B8AF69BD-3CE1-4AA5-875D-3FB87C7FCE44}.Epi.Enter.ServiceApplication|Mixed Platforms.ActiveCfg = Release|Any CPU
		{B8AF69BD-3CE1-4AA5-875D-3FB87C7FCE44}.Epi.Enter.ServiceApplication|Mixed Platforms.Build.0 = Release|Any CPU
		{B8AF69BD-3CE1-4AA5-875D-3FB87C7FCE44}.Epi.Enter.ServiceApplication|x86.ActiveCfg = Release|Any CPU
		{B8AF69BD-3CE1-4AA5-875D-3FB87C7FCE44}.Epi.Enter.ServiceApplication|x86.Build.0 = Release|Any CPU
		{B8AF69BD-3CE1-4AA5-875D-3FB87C7FCE44}.Linux|Any CPU.ActiveCfg = Release|Any CPU
		{B8AF69BD-3CE1-4AA5-875D-3FB87C7FCE44}.Linux|Any CPU.Build.0 = Release|Any CPU
		{B8AF69BD-3CE1-4AA5-875D-3FB87C7FCE44}.Linux|Mixed Platforms.ActiveCfg = Release|Any CPU
		{B8AF69BD-3CE1-4AA5-875D-3FB87C7FCE44}.Linux|Mixed Platforms.Build.0 = Release|Any CPU
		{B8AF69BD-3CE1-4AA5-875D-3FB87C7FCE44}.Linux|x86.ActiveCfg = Release|Any CPU
		{B8AF69BD-3CE1-4AA5-875D-3FB87C7FCE44}.Linux|x86.Build.0 = Release|Any CPU
		{B8AF69BD-3CE1-4AA5-875D-3FB87C7FCE44}.Release|Any CPU.ActiveCfg = Release|Any CPU
		{B8AF69BD-3CE1-4AA5-875D-3FB87C7FCE44}.Release|Any CPU.Build.0 = Release|Any CPU
		{B8AF69BD-3CE1-4AA5-875D-3FB87C7FCE44}.Release|Mixed Platforms.ActiveCfg = Release|Any CPU
		{B8AF69BD-3CE1-4AA5-875D-3FB87C7FCE44}.Release|Mixed Platforms.Build.0 = Release|Any CPU
		{B8AF69BD-3CE1-4AA5-875D-3FB87C7FCE44}.Release|x86.ActiveCfg = Release|Any CPU
		{D49B7A21-644B-49D7-9A5D-387BF31EAFE5}.Debug (Exclude EpiMap)|Any CPU.ActiveCfg = Debug|Any CPU
		{D49B7A21-644B-49D7-9A5D-387BF31EAFE5}.Debug (Exclude EpiMap)|Any CPU.Build.0 = Debug|Any CPU
		{D49B7A21-644B-49D7-9A5D-387BF31EAFE5}.Debug (Exclude EpiMap)|Mixed Platforms.ActiveCfg = Debug|Any CPU
		{D49B7A21-644B-49D7-9A5D-387BF31EAFE5}.Debug (Exclude EpiMap)|Mixed Platforms.Build.0 = Debug|Any CPU
		{D49B7A21-644B-49D7-9A5D-387BF31EAFE5}.Debug (Exclude EpiMap)|x86.ActiveCfg = Debug|Any CPU
		{D49B7A21-644B-49D7-9A5D-387BF31EAFE5}.Debug (Exclude EpiMap)|x86.Build.0 = Debug|Any CPU
		{D49B7A21-644B-49D7-9A5D-387BF31EAFE5}.Debug|Any CPU.ActiveCfg = Debug|Any CPU
		{D49B7A21-644B-49D7-9A5D-387BF31EAFE5}.Debug|Any CPU.Build.0 = Debug|Any CPU
		{D49B7A21-644B-49D7-9A5D-387BF31EAFE5}.Debug|Mixed Platforms.ActiveCfg = Debug|Any CPU
		{D49B7A21-644B-49D7-9A5D-387BF31EAFE5}.Debug|Mixed Platforms.Build.0 = Debug|Any CPU
		{D49B7A21-644B-49D7-9A5D-387BF31EAFE5}.Debug|x86.ActiveCfg = Debug|Any CPU
		{D49B7A21-644B-49D7-9A5D-387BF31EAFE5}.Epi.Enter.ServiceApplication|Any CPU.ActiveCfg = Release|Any CPU
		{D49B7A21-644B-49D7-9A5D-387BF31EAFE5}.Epi.Enter.ServiceApplication|Any CPU.Build.0 = Release|Any CPU
		{D49B7A21-644B-49D7-9A5D-387BF31EAFE5}.Epi.Enter.ServiceApplication|Mixed Platforms.ActiveCfg = Release|Any CPU
		{D49B7A21-644B-49D7-9A5D-387BF31EAFE5}.Epi.Enter.ServiceApplication|Mixed Platforms.Build.0 = Release|Any CPU
		{D49B7A21-644B-49D7-9A5D-387BF31EAFE5}.Epi.Enter.ServiceApplication|x86.ActiveCfg = Release|Any CPU
		{D49B7A21-644B-49D7-9A5D-387BF31EAFE5}.Epi.Enter.ServiceApplication|x86.Build.0 = Release|Any CPU
		{D49B7A21-644B-49D7-9A5D-387BF31EAFE5}.Linux|Any CPU.ActiveCfg = Release|Any CPU
		{D49B7A21-644B-49D7-9A5D-387BF31EAFE5}.Linux|Any CPU.Build.0 = Release|Any CPU
		{D49B7A21-644B-49D7-9A5D-387BF31EAFE5}.Linux|Mixed Platforms.ActiveCfg = Release|Any CPU
		{D49B7A21-644B-49D7-9A5D-387BF31EAFE5}.Linux|Mixed Platforms.Build.0 = Release|Any CPU
		{D49B7A21-644B-49D7-9A5D-387BF31EAFE5}.Linux|x86.ActiveCfg = Release|Any CPU
		{D49B7A21-644B-49D7-9A5D-387BF31EAFE5}.Linux|x86.Build.0 = Release|Any CPU
		{D49B7A21-644B-49D7-9A5D-387BF31EAFE5}.Release|Any CPU.ActiveCfg = Release|Any CPU
		{D49B7A21-644B-49D7-9A5D-387BF31EAFE5}.Release|Any CPU.Build.0 = Release|Any CPU
		{D49B7A21-644B-49D7-9A5D-387BF31EAFE5}.Release|Mixed Platforms.ActiveCfg = Release|Any CPU
		{D49B7A21-644B-49D7-9A5D-387BF31EAFE5}.Release|Mixed Platforms.Build.0 = Release|Any CPU
		{D49B7A21-644B-49D7-9A5D-387BF31EAFE5}.Release|x86.ActiveCfg = Release|Any CPU
		{05A484AB-A555-4200-936B-BEC573285BCC}.Debug (Exclude EpiMap)|Any CPU.ActiveCfg = Debug|Any CPU
		{05A484AB-A555-4200-936B-BEC573285BCC}.Debug (Exclude EpiMap)|Any CPU.Build.0 = Debug|Any CPU
		{05A484AB-A555-4200-936B-BEC573285BCC}.Debug (Exclude EpiMap)|Mixed Platforms.ActiveCfg = Debug|Any CPU
		{05A484AB-A555-4200-936B-BEC573285BCC}.Debug (Exclude EpiMap)|Mixed Platforms.Build.0 = Debug|Any CPU
		{05A484AB-A555-4200-936B-BEC573285BCC}.Debug (Exclude EpiMap)|x86.ActiveCfg = Debug|Any CPU
		{05A484AB-A555-4200-936B-BEC573285BCC}.Debug (Exclude EpiMap)|x86.Build.0 = Debug|Any CPU
		{05A484AB-A555-4200-936B-BEC573285BCC}.Debug|Any CPU.ActiveCfg = Debug|Any CPU
		{05A484AB-A555-4200-936B-BEC573285BCC}.Debug|Any CPU.Build.0 = Debug|Any CPU
		{05A484AB-A555-4200-936B-BEC573285BCC}.Debug|Mixed Platforms.ActiveCfg = Debug|Any CPU
		{05A484AB-A555-4200-936B-BEC573285BCC}.Debug|Mixed Platforms.Build.0 = Debug|Any CPU
		{05A484AB-A555-4200-936B-BEC573285BCC}.Debug|x86.ActiveCfg = Debug|Any CPU
		{05A484AB-A555-4200-936B-BEC573285BCC}.Epi.Enter.ServiceApplication|Any CPU.ActiveCfg = Release|Any CPU
		{05A484AB-A555-4200-936B-BEC573285BCC}.Epi.Enter.ServiceApplication|Any CPU.Build.0 = Release|Any CPU
		{05A484AB-A555-4200-936B-BEC573285BCC}.Epi.Enter.ServiceApplication|Mixed Platforms.ActiveCfg = Release|Any CPU
		{05A484AB-A555-4200-936B-BEC573285BCC}.Epi.Enter.ServiceApplication|Mixed Platforms.Build.0 = Release|Any CPU
		{05A484AB-A555-4200-936B-BEC573285BCC}.Epi.Enter.ServiceApplication|x86.ActiveCfg = Release|Any CPU
		{05A484AB-A555-4200-936B-BEC573285BCC}.Epi.Enter.ServiceApplication|x86.Build.0 = Release|Any CPU
		{05A484AB-A555-4200-936B-BEC573285BCC}.Linux|Any CPU.ActiveCfg = Release|Any CPU
		{05A484AB-A555-4200-936B-BEC573285BCC}.Linux|Any CPU.Build.0 = Release|Any CPU
		{05A484AB-A555-4200-936B-BEC573285BCC}.Linux|Mixed Platforms.ActiveCfg = Release|Any CPU
		{05A484AB-A555-4200-936B-BEC573285BCC}.Linux|Mixed Platforms.Build.0 = Release|Any CPU
		{05A484AB-A555-4200-936B-BEC573285BCC}.Linux|x86.ActiveCfg = Release|Any CPU
		{05A484AB-A555-4200-936B-BEC573285BCC}.Linux|x86.Build.0 = Release|Any CPU
		{05A484AB-A555-4200-936B-BEC573285BCC}.Release|Any CPU.ActiveCfg = Release|Any CPU
		{05A484AB-A555-4200-936B-BEC573285BCC}.Release|Any CPU.Build.0 = Release|Any CPU
		{05A484AB-A555-4200-936B-BEC573285BCC}.Release|Mixed Platforms.ActiveCfg = Release|Any CPU
		{05A484AB-A555-4200-936B-BEC573285BCC}.Release|Mixed Platforms.Build.0 = Release|Any CPU
		{05A484AB-A555-4200-936B-BEC573285BCC}.Release|x86.ActiveCfg = Release|Any CPU
		{31F91938-2997-4650-8D36-71C845F1071D}.Debug (Exclude EpiMap)|Any CPU.ActiveCfg = Debug|Any CPU
		{31F91938-2997-4650-8D36-71C845F1071D}.Debug (Exclude EpiMap)|Any CPU.Build.0 = Debug|Any CPU
		{31F91938-2997-4650-8D36-71C845F1071D}.Debug (Exclude EpiMap)|Mixed Platforms.ActiveCfg = Debug|Any CPU
		{31F91938-2997-4650-8D36-71C845F1071D}.Debug (Exclude EpiMap)|Mixed Platforms.Build.0 = Debug|Any CPU
		{31F91938-2997-4650-8D36-71C845F1071D}.Debug (Exclude EpiMap)|x86.ActiveCfg = Debug|Any CPU
		{31F91938-2997-4650-8D36-71C845F1071D}.Debug (Exclude EpiMap)|x86.Build.0 = Debug|Any CPU
		{31F91938-2997-4650-8D36-71C845F1071D}.Debug|Any CPU.ActiveCfg = Debug|Any CPU
		{31F91938-2997-4650-8D36-71C845F1071D}.Debug|Any CPU.Build.0 = Debug|Any CPU
		{31F91938-2997-4650-8D36-71C845F1071D}.Debug|Mixed Platforms.ActiveCfg = Debug|Any CPU
		{31F91938-2997-4650-8D36-71C845F1071D}.Debug|Mixed Platforms.Build.0 = Debug|Any CPU
		{31F91938-2997-4650-8D36-71C845F1071D}.Debug|x86.ActiveCfg = Debug|Any CPU
		{31F91938-2997-4650-8D36-71C845F1071D}.Epi.Enter.ServiceApplication|Any CPU.ActiveCfg = Release|Any CPU
		{31F91938-2997-4650-8D36-71C845F1071D}.Epi.Enter.ServiceApplication|Any CPU.Build.0 = Release|Any CPU
		{31F91938-2997-4650-8D36-71C845F1071D}.Epi.Enter.ServiceApplication|Mixed Platforms.ActiveCfg = Release|Any CPU
		{31F91938-2997-4650-8D36-71C845F1071D}.Epi.Enter.ServiceApplication|Mixed Platforms.Build.0 = Release|Any CPU
		{31F91938-2997-4650-8D36-71C845F1071D}.Epi.Enter.ServiceApplication|x86.ActiveCfg = Release|Any CPU
		{31F91938-2997-4650-8D36-71C845F1071D}.Epi.Enter.ServiceApplication|x86.Build.0 = Release|Any CPU
		{31F91938-2997-4650-8D36-71C845F1071D}.Linux|Any CPU.ActiveCfg = Release|Any CPU
		{31F91938-2997-4650-8D36-71C845F1071D}.Linux|Any CPU.Build.0 = Release|Any CPU
		{31F91938-2997-4650-8D36-71C845F1071D}.Linux|Mixed Platforms.ActiveCfg = Release|Any CPU
		{31F91938-2997-4650-8D36-71C845F1071D}.Linux|Mixed Platforms.Build.0 = Release|Any CPU
		{31F91938-2997-4650-8D36-71C845F1071D}.Linux|x86.ActiveCfg = Release|Any CPU
		{31F91938-2997-4650-8D36-71C845F1071D}.Linux|x86.Build.0 = Release|Any CPU
		{31F91938-2997-4650-8D36-71C845F1071D}.Release|Any CPU.ActiveCfg = Release|Any CPU
		{31F91938-2997-4650-8D36-71C845F1071D}.Release|Any CPU.Build.0 = Release|Any CPU
		{31F91938-2997-4650-8D36-71C845F1071D}.Release|Mixed Platforms.ActiveCfg = Release|Any CPU
		{31F91938-2997-4650-8D36-71C845F1071D}.Release|Mixed Platforms.Build.0 = Release|Any CPU
		{31F91938-2997-4650-8D36-71C845F1071D}.Release|x86.ActiveCfg = Release|Any CPU
		{13D8FD8D-1403-4C84-823A-1E27806CAC30}.Debug (Exclude EpiMap)|Any CPU.ActiveCfg = Release|x86
		{13D8FD8D-1403-4C84-823A-1E27806CAC30}.Debug (Exclude EpiMap)|Any CPU.Build.0 = Release|x86
		{13D8FD8D-1403-4C84-823A-1E27806CAC30}.Debug (Exclude EpiMap)|Mixed Platforms.ActiveCfg = Debug|x86
		{13D8FD8D-1403-4C84-823A-1E27806CAC30}.Debug (Exclude EpiMap)|Mixed Platforms.Build.0 = Debug|x86
		{13D8FD8D-1403-4C84-823A-1E27806CAC30}.Debug (Exclude EpiMap)|x86.ActiveCfg = Debug|x86
		{13D8FD8D-1403-4C84-823A-1E27806CAC30}.Debug (Exclude EpiMap)|x86.Build.0 = Debug|x86
		{13D8FD8D-1403-4C84-823A-1E27806CAC30}.Debug|Any CPU.ActiveCfg = Debug|x86
		{13D8FD8D-1403-4C84-823A-1E27806CAC30}.Debug|Mixed Platforms.ActiveCfg = Debug|x86
		{13D8FD8D-1403-4C84-823A-1E27806CAC30}.Debug|Mixed Platforms.Build.0 = Debug|x86
		{13D8FD8D-1403-4C84-823A-1E27806CAC30}.Debug|x86.ActiveCfg = Debug|x86
		{13D8FD8D-1403-4C84-823A-1E27806CAC30}.Debug|x86.Build.0 = Debug|x86
		{13D8FD8D-1403-4C84-823A-1E27806CAC30}.Epi.Enter.ServiceApplication|Any CPU.ActiveCfg = Release|x86
		{13D8FD8D-1403-4C84-823A-1E27806CAC30}.Epi.Enter.ServiceApplication|Any CPU.Build.0 = Release|x86
		{13D8FD8D-1403-4C84-823A-1E27806CAC30}.Epi.Enter.ServiceApplication|Mixed Platforms.ActiveCfg = Release|x86
		{13D8FD8D-1403-4C84-823A-1E27806CAC30}.Epi.Enter.ServiceApplication|Mixed Platforms.Build.0 = Release|x86
		{13D8FD8D-1403-4C84-823A-1E27806CAC30}.Epi.Enter.ServiceApplication|x86.ActiveCfg = Release|x86
		{13D8FD8D-1403-4C84-823A-1E27806CAC30}.Epi.Enter.ServiceApplication|x86.Build.0 = Release|x86
		{13D8FD8D-1403-4C84-823A-1E27806CAC30}.Linux|Any CPU.ActiveCfg = Release|x86
		{13D8FD8D-1403-4C84-823A-1E27806CAC30}.Linux|Any CPU.Build.0 = Release|x86
		{13D8FD8D-1403-4C84-823A-1E27806CAC30}.Linux|Mixed Platforms.ActiveCfg = Release|x86
		{13D8FD8D-1403-4C84-823A-1E27806CAC30}.Linux|Mixed Platforms.Build.0 = Release|x86
		{13D8FD8D-1403-4C84-823A-1E27806CAC30}.Linux|x86.ActiveCfg = Release|x86
		{13D8FD8D-1403-4C84-823A-1E27806CAC30}.Linux|x86.Build.0 = Release|x86
		{13D8FD8D-1403-4C84-823A-1E27806CAC30}.Release|Any CPU.ActiveCfg = Release|x86
		{13D8FD8D-1403-4C84-823A-1E27806CAC30}.Release|Mixed Platforms.ActiveCfg = Release|x86
		{13D8FD8D-1403-4C84-823A-1E27806CAC30}.Release|Mixed Platforms.Build.0 = Release|x86
		{13D8FD8D-1403-4C84-823A-1E27806CAC30}.Release|x86.ActiveCfg = Release|x86
		{13D8FD8D-1403-4C84-823A-1E27806CAC30}.Release|x86.Build.0 = Release|x86
		{6E2F059B-C1CD-401F-8A63-DC2933CFB0D8}.Debug (Exclude EpiMap)|Any CPU.ActiveCfg = Debug|Any CPU
		{6E2F059B-C1CD-401F-8A63-DC2933CFB0D8}.Debug (Exclude EpiMap)|Any CPU.Build.0 = Debug|Any CPU
		{6E2F059B-C1CD-401F-8A63-DC2933CFB0D8}.Debug (Exclude EpiMap)|Mixed Platforms.ActiveCfg = Debug|Any CPU
		{6E2F059B-C1CD-401F-8A63-DC2933CFB0D8}.Debug (Exclude EpiMap)|Mixed Platforms.Build.0 = Debug|Any CPU
		{6E2F059B-C1CD-401F-8A63-DC2933CFB0D8}.Debug (Exclude EpiMap)|x86.ActiveCfg = Debug|Any CPU
		{6E2F059B-C1CD-401F-8A63-DC2933CFB0D8}.Debug (Exclude EpiMap)|x86.Build.0 = Debug|Any CPU
		{6E2F059B-C1CD-401F-8A63-DC2933CFB0D8}.Debug|Any CPU.ActiveCfg = Debug|Any CPU
		{6E2F059B-C1CD-401F-8A63-DC2933CFB0D8}.Debug|Any CPU.Build.0 = Debug|Any CPU
		{6E2F059B-C1CD-401F-8A63-DC2933CFB0D8}.Debug|Mixed Platforms.ActiveCfg = Debug|Any CPU
		{6E2F059B-C1CD-401F-8A63-DC2933CFB0D8}.Debug|Mixed Platforms.Build.0 = Debug|Any CPU
		{6E2F059B-C1CD-401F-8A63-DC2933CFB0D8}.Debug|x86.ActiveCfg = Debug|Any CPU
		{6E2F059B-C1CD-401F-8A63-DC2933CFB0D8}.Epi.Enter.ServiceApplication|Any CPU.ActiveCfg = Release|Any CPU
		{6E2F059B-C1CD-401F-8A63-DC2933CFB0D8}.Epi.Enter.ServiceApplication|Any CPU.Build.0 = Release|Any CPU
		{6E2F059B-C1CD-401F-8A63-DC2933CFB0D8}.Epi.Enter.ServiceApplication|Mixed Platforms.ActiveCfg = Release|Any CPU
		{6E2F059B-C1CD-401F-8A63-DC2933CFB0D8}.Epi.Enter.ServiceApplication|Mixed Platforms.Build.0 = Release|Any CPU
		{6E2F059B-C1CD-401F-8A63-DC2933CFB0D8}.Epi.Enter.ServiceApplication|x86.ActiveCfg = Release|Any CPU
		{6E2F059B-C1CD-401F-8A63-DC2933CFB0D8}.Epi.Enter.ServiceApplication|x86.Build.0 = Release|Any CPU
		{6E2F059B-C1CD-401F-8A63-DC2933CFB0D8}.Linux|Any CPU.ActiveCfg = Release|Any CPU
		{6E2F059B-C1CD-401F-8A63-DC2933CFB0D8}.Linux|Any CPU.Build.0 = Release|Any CPU
		{6E2F059B-C1CD-401F-8A63-DC2933CFB0D8}.Linux|Mixed Platforms.ActiveCfg = Release|Any CPU
		{6E2F059B-C1CD-401F-8A63-DC2933CFB0D8}.Linux|Mixed Platforms.Build.0 = Release|Any CPU
		{6E2F059B-C1CD-401F-8A63-DC2933CFB0D8}.Linux|x86.ActiveCfg = Release|Any CPU
		{6E2F059B-C1CD-401F-8A63-DC2933CFB0D8}.Linux|x86.Build.0 = Release|Any CPU
		{6E2F059B-C1CD-401F-8A63-DC2933CFB0D8}.Release|Any CPU.ActiveCfg = Release|Any CPU
		{6E2F059B-C1CD-401F-8A63-DC2933CFB0D8}.Release|Any CPU.Build.0 = Release|Any CPU
		{6E2F059B-C1CD-401F-8A63-DC2933CFB0D8}.Release|Mixed Platforms.ActiveCfg = Release|Any CPU
		{6E2F059B-C1CD-401F-8A63-DC2933CFB0D8}.Release|Mixed Platforms.Build.0 = Release|Any CPU
		{6E2F059B-C1CD-401F-8A63-DC2933CFB0D8}.Release|x86.ActiveCfg = Release|Any CPU
		{9624E64A-013F-41E8-84BA-C34EE744685E}.Debug (Exclude EpiMap)|Any CPU.ActiveCfg = Debug|Any CPU
		{9624E64A-013F-41E8-84BA-C34EE744685E}.Debug (Exclude EpiMap)|Any CPU.Build.0 = Debug|Any CPU
		{9624E64A-013F-41E8-84BA-C34EE744685E}.Debug (Exclude EpiMap)|Mixed Platforms.ActiveCfg = Debug|Any CPU
		{9624E64A-013F-41E8-84BA-C34EE744685E}.Debug (Exclude EpiMap)|Mixed Platforms.Build.0 = Debug|Any CPU
		{9624E64A-013F-41E8-84BA-C34EE744685E}.Debug (Exclude EpiMap)|x86.ActiveCfg = Debug|Any CPU
		{9624E64A-013F-41E8-84BA-C34EE744685E}.Debug (Exclude EpiMap)|x86.Build.0 = Debug|Any CPU
		{9624E64A-013F-41E8-84BA-C34EE744685E}.Debug|Any CPU.ActiveCfg = Debug|Any CPU
		{9624E64A-013F-41E8-84BA-C34EE744685E}.Debug|Any CPU.Build.0 = Debug|Any CPU
		{9624E64A-013F-41E8-84BA-C34EE744685E}.Debug|Mixed Platforms.ActiveCfg = Debug|Any CPU
		{9624E64A-013F-41E8-84BA-C34EE744685E}.Debug|Mixed Platforms.Build.0 = Debug|Any CPU
		{9624E64A-013F-41E8-84BA-C34EE744685E}.Debug|x86.ActiveCfg = Debug|Any CPU
		{9624E64A-013F-41E8-84BA-C34EE744685E}.Epi.Enter.ServiceApplication|Any CPU.ActiveCfg = Release|Any CPU
		{9624E64A-013F-41E8-84BA-C34EE744685E}.Epi.Enter.ServiceApplication|Any CPU.Build.0 = Release|Any CPU
		{9624E64A-013F-41E8-84BA-C34EE744685E}.Epi.Enter.ServiceApplication|Mixed Platforms.ActiveCfg = Release|Any CPU
		{9624E64A-013F-41E8-84BA-C34EE744685E}.Epi.Enter.ServiceApplication|Mixed Platforms.Build.0 = Release|Any CPU
		{9624E64A-013F-41E8-84BA-C34EE744685E}.Epi.Enter.ServiceApplication|x86.ActiveCfg = Release|Any CPU
		{9624E64A-013F-41E8-84BA-C34EE744685E}.Epi.Enter.ServiceApplication|x86.Build.0 = Release|Any CPU
		{9624E64A-013F-41E8-84BA-C34EE744685E}.Linux|Any CPU.ActiveCfg = Release|Any CPU
		{9624E64A-013F-41E8-84BA-C34EE744685E}.Linux|Any CPU.Build.0 = Release|Any CPU
		{9624E64A-013F-41E8-84BA-C34EE744685E}.Linux|Mixed Platforms.ActiveCfg = Release|Any CPU
		{9624E64A-013F-41E8-84BA-C34EE744685E}.Linux|Mixed Platforms.Build.0 = Release|Any CPU
		{9624E64A-013F-41E8-84BA-C34EE744685E}.Linux|x86.ActiveCfg = Release|Any CPU
		{9624E64A-013F-41E8-84BA-C34EE744685E}.Linux|x86.Build.0 = Release|Any CPU
		{9624E64A-013F-41E8-84BA-C34EE744685E}.Release|Any CPU.ActiveCfg = Release|Any CPU
		{9624E64A-013F-41E8-84BA-C34EE744685E}.Release|Any CPU.Build.0 = Release|Any CPU
		{9624E64A-013F-41E8-84BA-C34EE744685E}.Release|Mixed Platforms.ActiveCfg = Release|Any CPU
		{9624E64A-013F-41E8-84BA-C34EE744685E}.Release|Mixed Platforms.Build.0 = Release|Any CPU
		{9624E64A-013F-41E8-84BA-C34EE744685E}.Release|x86.ActiveCfg = Release|Any CPU
		{BEFC85E4-F3A3-4108-9575-4EF1A004364E}.Debug (Exclude EpiMap)|Any CPU.ActiveCfg = Debug|Any CPU
		{BEFC85E4-F3A3-4108-9575-4EF1A004364E}.Debug (Exclude EpiMap)|Any CPU.Build.0 = Debug|Any CPU
		{BEFC85E4-F3A3-4108-9575-4EF1A004364E}.Debug (Exclude EpiMap)|Mixed Platforms.ActiveCfg = Debug|Any CPU
		{BEFC85E4-F3A3-4108-9575-4EF1A004364E}.Debug (Exclude EpiMap)|Mixed Platforms.Build.0 = Debug|Any CPU
		{BEFC85E4-F3A3-4108-9575-4EF1A004364E}.Debug (Exclude EpiMap)|x86.ActiveCfg = Debug|Any CPU
		{BEFC85E4-F3A3-4108-9575-4EF1A004364E}.Debug (Exclude EpiMap)|x86.Build.0 = Debug|Any CPU
		{BEFC85E4-F3A3-4108-9575-4EF1A004364E}.Debug|Any CPU.ActiveCfg = Debug|Any CPU
		{BEFC85E4-F3A3-4108-9575-4EF1A004364E}.Debug|Any CPU.Build.0 = Debug|Any CPU
		{BEFC85E4-F3A3-4108-9575-4EF1A004364E}.Debug|Mixed Platforms.ActiveCfg = Debug|Any CPU
		{BEFC85E4-F3A3-4108-9575-4EF1A004364E}.Debug|Mixed Platforms.Build.0 = Debug|Any CPU
		{BEFC85E4-F3A3-4108-9575-4EF1A004364E}.Debug|x86.ActiveCfg = Debug|Any CPU
		{BEFC85E4-F3A3-4108-9575-4EF1A004364E}.Epi.Enter.ServiceApplication|Any CPU.ActiveCfg = Release|Any CPU
		{BEFC85E4-F3A3-4108-9575-4EF1A004364E}.Epi.Enter.ServiceApplication|Any CPU.Build.0 = Release|Any CPU
		{BEFC85E4-F3A3-4108-9575-4EF1A004364E}.Epi.Enter.ServiceApplication|Mixed Platforms.ActiveCfg = Release|Any CPU
		{BEFC85E4-F3A3-4108-9575-4EF1A004364E}.Epi.Enter.ServiceApplication|Mixed Platforms.Build.0 = Release|Any CPU
		{BEFC85E4-F3A3-4108-9575-4EF1A004364E}.Epi.Enter.ServiceApplication|x86.ActiveCfg = Release|Any CPU
		{BEFC85E4-F3A3-4108-9575-4EF1A004364E}.Epi.Enter.ServiceApplication|x86.Build.0 = Release|Any CPU
		{BEFC85E4-F3A3-4108-9575-4EF1A004364E}.Linux|Any CPU.ActiveCfg = Release|Any CPU
		{BEFC85E4-F3A3-4108-9575-4EF1A004364E}.Linux|Any CPU.Build.0 = Release|Any CPU
		{BEFC85E4-F3A3-4108-9575-4EF1A004364E}.Linux|Mixed Platforms.ActiveCfg = Release|Any CPU
		{BEFC85E4-F3A3-4108-9575-4EF1A004364E}.Linux|Mixed Platforms.Build.0 = Release|Any CPU
		{BEFC85E4-F3A3-4108-9575-4EF1A004364E}.Linux|x86.ActiveCfg = Release|Any CPU
		{BEFC85E4-F3A3-4108-9575-4EF1A004364E}.Linux|x86.Build.0 = Release|Any CPU
		{BEFC85E4-F3A3-4108-9575-4EF1A004364E}.Release|Any CPU.ActiveCfg = Release|Any CPU
		{BEFC85E4-F3A3-4108-9575-4EF1A004364E}.Release|Any CPU.Build.0 = Release|Any CPU
		{BEFC85E4-F3A3-4108-9575-4EF1A004364E}.Release|Mixed Platforms.ActiveCfg = Release|Any CPU
		{BEFC85E4-F3A3-4108-9575-4EF1A004364E}.Release|Mixed Platforms.Build.0 = Release|Any CPU
		{BEFC85E4-F3A3-4108-9575-4EF1A004364E}.Release|x86.ActiveCfg = Release|Any CPU
		{6B084882-EF4F-4CF0-85B1-1E8C357AE822}.Debug (Exclude EpiMap)|Any CPU.ActiveCfg = Debug|Any CPU
		{6B084882-EF4F-4CF0-85B1-1E8C357AE822}.Debug (Exclude EpiMap)|Any CPU.Build.0 = Debug|Any CPU
		{6B084882-EF4F-4CF0-85B1-1E8C357AE822}.Debug (Exclude EpiMap)|Mixed Platforms.ActiveCfg = Debug|Any CPU
		{6B084882-EF4F-4CF0-85B1-1E8C357AE822}.Debug (Exclude EpiMap)|Mixed Platforms.Build.0 = Debug|Any CPU
		{6B084882-EF4F-4CF0-85B1-1E8C357AE822}.Debug (Exclude EpiMap)|x86.ActiveCfg = Debug|Any CPU
		{6B084882-EF4F-4CF0-85B1-1E8C357AE822}.Debug (Exclude EpiMap)|x86.Build.0 = Debug|Any CPU
		{6B084882-EF4F-4CF0-85B1-1E8C357AE822}.Debug|Any CPU.ActiveCfg = Debug|Any CPU
		{6B084882-EF4F-4CF0-85B1-1E8C357AE822}.Debug|Any CPU.Build.0 = Debug|Any CPU
		{6B084882-EF4F-4CF0-85B1-1E8C357AE822}.Debug|Mixed Platforms.ActiveCfg = Debug|Any CPU
		{6B084882-EF4F-4CF0-85B1-1E8C357AE822}.Debug|Mixed Platforms.Build.0 = Debug|Any CPU
		{6B084882-EF4F-4CF0-85B1-1E8C357AE822}.Debug|x86.ActiveCfg = Debug|Any CPU
		{6B084882-EF4F-4CF0-85B1-1E8C357AE822}.Epi.Enter.ServiceApplication|Any CPU.ActiveCfg = Release|Any CPU
		{6B084882-EF4F-4CF0-85B1-1E8C357AE822}.Epi.Enter.ServiceApplication|Any CPU.Build.0 = Release|Any CPU
		{6B084882-EF4F-4CF0-85B1-1E8C357AE822}.Epi.Enter.ServiceApplication|Mixed Platforms.ActiveCfg = Release|Any CPU
		{6B084882-EF4F-4CF0-85B1-1E8C357AE822}.Epi.Enter.ServiceApplication|Mixed Platforms.Build.0 = Release|Any CPU
		{6B084882-EF4F-4CF0-85B1-1E8C357AE822}.Epi.Enter.ServiceApplication|x86.ActiveCfg = Release|Any CPU
		{6B084882-EF4F-4CF0-85B1-1E8C357AE822}.Epi.Enter.ServiceApplication|x86.Build.0 = Release|Any CPU
		{6B084882-EF4F-4CF0-85B1-1E8C357AE822}.Linux|Any CPU.ActiveCfg = Release|Any CPU
		{6B084882-EF4F-4CF0-85B1-1E8C357AE822}.Linux|Any CPU.Build.0 = Release|Any CPU
		{6B084882-EF4F-4CF0-85B1-1E8C357AE822}.Linux|Mixed Platforms.ActiveCfg = Release|Any CPU
		{6B084882-EF4F-4CF0-85B1-1E8C357AE822}.Linux|Mixed Platforms.Build.0 = Release|Any CPU
		{6B084882-EF4F-4CF0-85B1-1E8C357AE822}.Linux|x86.ActiveCfg = Release|Any CPU
		{6B084882-EF4F-4CF0-85B1-1E8C357AE822}.Linux|x86.Build.0 = Release|Any CPU
		{6B084882-EF4F-4CF0-85B1-1E8C357AE822}.Release|Any CPU.ActiveCfg = Release|Any CPU
		{6B084882-EF4F-4CF0-85B1-1E8C357AE822}.Release|Any CPU.Build.0 = Release|Any CPU
		{6B084882-EF4F-4CF0-85B1-1E8C357AE822}.Release|Mixed Platforms.ActiveCfg = Release|Any CPU
		{6B084882-EF4F-4CF0-85B1-1E8C357AE822}.Release|Mixed Platforms.Build.0 = Release|Any CPU
		{6B084882-EF4F-4CF0-85B1-1E8C357AE822}.Release|x86.ActiveCfg = Release|Any CPU
		{91794FFF-48C0-414F-933E-34412A29EEAC}.Debug (Exclude EpiMap)|Any CPU.ActiveCfg = Debug|Any CPU
		{91794FFF-48C0-414F-933E-34412A29EEAC}.Debug (Exclude EpiMap)|Any CPU.Build.0 = Debug|Any CPU
		{91794FFF-48C0-414F-933E-34412A29EEAC}.Debug (Exclude EpiMap)|Mixed Platforms.ActiveCfg = Debug|Any CPU
		{91794FFF-48C0-414F-933E-34412A29EEAC}.Debug (Exclude EpiMap)|Mixed Platforms.Build.0 = Debug|Any CPU
		{91794FFF-48C0-414F-933E-34412A29EEAC}.Debug (Exclude EpiMap)|x86.ActiveCfg = Debug|Any CPU
		{91794FFF-48C0-414F-933E-34412A29EEAC}.Debug (Exclude EpiMap)|x86.Build.0 = Debug|Any CPU
		{91794FFF-48C0-414F-933E-34412A29EEAC}.Debug|Any CPU.ActiveCfg = Debug|Any CPU
		{91794FFF-48C0-414F-933E-34412A29EEAC}.Debug|Any CPU.Build.0 = Debug|Any CPU
		{91794FFF-48C0-414F-933E-34412A29EEAC}.Debug|Mixed Platforms.ActiveCfg = Debug|Any CPU
		{91794FFF-48C0-414F-933E-34412A29EEAC}.Debug|Mixed Platforms.Build.0 = Debug|Any CPU
		{91794FFF-48C0-414F-933E-34412A29EEAC}.Debug|Mixed Platforms.Deploy.0 = Debug|Any CPU
		{91794FFF-48C0-414F-933E-34412A29EEAC}.Debug|x86.ActiveCfg = Debug|Any CPU
		{91794FFF-48C0-414F-933E-34412A29EEAC}.Debug|x86.Build.0 = Debug|Any CPU
		{91794FFF-48C0-414F-933E-34412A29EEAC}.Epi.Enter.ServiceApplication|Any CPU.ActiveCfg = Release|Any CPU
		{91794FFF-48C0-414F-933E-34412A29EEAC}.Epi.Enter.ServiceApplication|Any CPU.Build.0 = Release|Any CPU
		{91794FFF-48C0-414F-933E-34412A29EEAC}.Epi.Enter.ServiceApplication|Mixed Platforms.ActiveCfg = Release|Any CPU
		{91794FFF-48C0-414F-933E-34412A29EEAC}.Epi.Enter.ServiceApplication|Mixed Platforms.Build.0 = Release|Any CPU
		{91794FFF-48C0-414F-933E-34412A29EEAC}.Epi.Enter.ServiceApplication|x86.ActiveCfg = Release|Any CPU
		{91794FFF-48C0-414F-933E-34412A29EEAC}.Epi.Enter.ServiceApplication|x86.Build.0 = Release|Any CPU
		{91794FFF-48C0-414F-933E-34412A29EEAC}.Linux|Any CPU.ActiveCfg = Release|Any CPU
		{91794FFF-48C0-414F-933E-34412A29EEAC}.Linux|Any CPU.Build.0 = Release|Any CPU
		{91794FFF-48C0-414F-933E-34412A29EEAC}.Linux|Mixed Platforms.ActiveCfg = Release|Any CPU
		{91794FFF-48C0-414F-933E-34412A29EEAC}.Linux|Mixed Platforms.Build.0 = Release|Any CPU
		{91794FFF-48C0-414F-933E-34412A29EEAC}.Linux|x86.ActiveCfg = Release|Any CPU
		{91794FFF-48C0-414F-933E-34412A29EEAC}.Linux|x86.Build.0 = Release|Any CPU
		{91794FFF-48C0-414F-933E-34412A29EEAC}.Release|Any CPU.ActiveCfg = Release|Any CPU
		{91794FFF-48C0-414F-933E-34412A29EEAC}.Release|Any CPU.Build.0 = Release|Any CPU
		{91794FFF-48C0-414F-933E-34412A29EEAC}.Release|Mixed Platforms.ActiveCfg = Release|Any CPU
		{91794FFF-48C0-414F-933E-34412A29EEAC}.Release|Mixed Platforms.Build.0 = Release|Any CPU
		{91794FFF-48C0-414F-933E-34412A29EEAC}.Release|x86.ActiveCfg = Release|Any CPU
		{91794FFF-48C0-414F-933E-34412A29EEAC}.Release|x86.Build.0 = Release|Any CPU
		{EBD2B961-A952-4670-96CA-50BAA12C7F29}.Debug (Exclude EpiMap)|Any CPU.ActiveCfg = Debug (Exclude EpiMap)|Any CPU
		{EBD2B961-A952-4670-96CA-50BAA12C7F29}.Debug (Exclude EpiMap)|Any CPU.Build.0 = Debug (Exclude EpiMap)|Any CPU
		{EBD2B961-A952-4670-96CA-50BAA12C7F29}.Debug (Exclude EpiMap)|Mixed Platforms.ActiveCfg = Debug (Exclude EpiMap)|x86
		{EBD2B961-A952-4670-96CA-50BAA12C7F29}.Debug (Exclude EpiMap)|Mixed Platforms.Build.0 = Debug (Exclude EpiMap)|x86
		{EBD2B961-A952-4670-96CA-50BAA12C7F29}.Debug (Exclude EpiMap)|x86.ActiveCfg = Debug (Exclude EpiMap)|x86
		{EBD2B961-A952-4670-96CA-50BAA12C7F29}.Debug (Exclude EpiMap)|x86.Build.0 = Debug (Exclude EpiMap)|x86
		{EBD2B961-A952-4670-96CA-50BAA12C7F29}.Debug|Any CPU.ActiveCfg = Debug|Any CPU
		{EBD2B961-A952-4670-96CA-50BAA12C7F29}.Debug|Any CPU.Build.0 = Debug|Any CPU
		{EBD2B961-A952-4670-96CA-50BAA12C7F29}.Debug|Mixed Platforms.ActiveCfg = Debug|x86
		{EBD2B961-A952-4670-96CA-50BAA12C7F29}.Debug|Mixed Platforms.Build.0 = Debug|x86
		{EBD2B961-A952-4670-96CA-50BAA12C7F29}.Debug|x86.ActiveCfg = Debug|x86
		{EBD2B961-A952-4670-96CA-50BAA12C7F29}.Debug|x86.Build.0 = Debug|x86
		{EBD2B961-A952-4670-96CA-50BAA12C7F29}.Epi.Enter.ServiceApplication|Any CPU.ActiveCfg = Epi.Enter.ServiceApplication|Any CPU
		{EBD2B961-A952-4670-96CA-50BAA12C7F29}.Epi.Enter.ServiceApplication|Any CPU.Build.0 = Epi.Enter.ServiceApplication|Any CPU
		{EBD2B961-A952-4670-96CA-50BAA12C7F29}.Epi.Enter.ServiceApplication|Mixed Platforms.ActiveCfg = Epi.Enter.ServiceApplication|x86
		{EBD2B961-A952-4670-96CA-50BAA12C7F29}.Epi.Enter.ServiceApplication|Mixed Platforms.Build.0 = Epi.Enter.ServiceApplication|x86
		{EBD2B961-A952-4670-96CA-50BAA12C7F29}.Epi.Enter.ServiceApplication|x86.ActiveCfg = Epi.Enter.ServiceApplication|x86
		{EBD2B961-A952-4670-96CA-50BAA12C7F29}.Epi.Enter.ServiceApplication|x86.Build.0 = Epi.Enter.ServiceApplication|x86
		{EBD2B961-A952-4670-96CA-50BAA12C7F29}.Linux|Any CPU.ActiveCfg = Linux|Any CPU
		{EBD2B961-A952-4670-96CA-50BAA12C7F29}.Linux|Any CPU.Build.0 = Linux|Any CPU
		{EBD2B961-A952-4670-96CA-50BAA12C7F29}.Linux|Mixed Platforms.ActiveCfg = Linux|x86
		{EBD2B961-A952-4670-96CA-50BAA12C7F29}.Linux|Mixed Platforms.Build.0 = Linux|x86
		{EBD2B961-A952-4670-96CA-50BAA12C7F29}.Linux|x86.ActiveCfg = Linux|x86
		{EBD2B961-A952-4670-96CA-50BAA12C7F29}.Linux|x86.Build.0 = Linux|x86
		{EBD2B961-A952-4670-96CA-50BAA12C7F29}.Release|Any CPU.ActiveCfg = Release|Any CPU
		{EBD2B961-A952-4670-96CA-50BAA12C7F29}.Release|Any CPU.Build.0 = Release|Any CPU
		{EBD2B961-A952-4670-96CA-50BAA12C7F29}.Release|Mixed Platforms.ActiveCfg = Release|x86
		{EBD2B961-A952-4670-96CA-50BAA12C7F29}.Release|Mixed Platforms.Build.0 = Release|x86
		{EBD2B961-A952-4670-96CA-50BAA12C7F29}.Release|x86.ActiveCfg = Release|x86
		{EBD2B961-A952-4670-96CA-50BAA12C7F29}.Release|x86.Build.0 = Release|x86
		{4696FF9B-C88A-447D-80F2-C9D1C6A09BA8}.Debug (Exclude EpiMap)|Any CPU.ActiveCfg = Debug|Any CPU
		{4696FF9B-C88A-447D-80F2-C9D1C6A09BA8}.Debug (Exclude EpiMap)|Any CPU.Build.0 = Debug|Any CPU
		{4696FF9B-C88A-447D-80F2-C9D1C6A09BA8}.Debug (Exclude EpiMap)|Mixed Platforms.ActiveCfg = Debug|Any CPU
		{4696FF9B-C88A-447D-80F2-C9D1C6A09BA8}.Debug (Exclude EpiMap)|Mixed Platforms.Build.0 = Debug|Any CPU
		{4696FF9B-C88A-447D-80F2-C9D1C6A09BA8}.Debug (Exclude EpiMap)|x86.ActiveCfg = Debug|Any CPU
		{4696FF9B-C88A-447D-80F2-C9D1C6A09BA8}.Debug (Exclude EpiMap)|x86.Build.0 = Debug|Any CPU
		{4696FF9B-C88A-447D-80F2-C9D1C6A09BA8}.Debug|Any CPU.ActiveCfg = Debug|Any CPU
		{4696FF9B-C88A-447D-80F2-C9D1C6A09BA8}.Debug|Any CPU.Build.0 = Debug|Any CPU
		{4696FF9B-C88A-447D-80F2-C9D1C6A09BA8}.Debug|Mixed Platforms.ActiveCfg = Debug|Any CPU
		{4696FF9B-C88A-447D-80F2-C9D1C6A09BA8}.Debug|Mixed Platforms.Build.0 = Debug|Any CPU
		{4696FF9B-C88A-447D-80F2-C9D1C6A09BA8}.Debug|x86.ActiveCfg = Debug|Any CPU
		{4696FF9B-C88A-447D-80F2-C9D1C6A09BA8}.Debug|x86.Build.0 = Debug|Any CPU
		{4696FF9B-C88A-447D-80F2-C9D1C6A09BA8}.Epi.Enter.ServiceApplication|Any CPU.ActiveCfg = Release|Any CPU
		{4696FF9B-C88A-447D-80F2-C9D1C6A09BA8}.Epi.Enter.ServiceApplication|Any CPU.Build.0 = Release|Any CPU
		{4696FF9B-C88A-447D-80F2-C9D1C6A09BA8}.Epi.Enter.ServiceApplication|Mixed Platforms.ActiveCfg = Release|Any CPU
		{4696FF9B-C88A-447D-80F2-C9D1C6A09BA8}.Epi.Enter.ServiceApplication|Mixed Platforms.Build.0 = Release|Any CPU
		{4696FF9B-C88A-447D-80F2-C9D1C6A09BA8}.Epi.Enter.ServiceApplication|x86.ActiveCfg = Release|Any CPU
		{4696FF9B-C88A-447D-80F2-C9D1C6A09BA8}.Epi.Enter.ServiceApplication|x86.Build.0 = Release|Any CPU
		{4696FF9B-C88A-447D-80F2-C9D1C6A09BA8}.Linux|Any CPU.ActiveCfg = Release|Any CPU
		{4696FF9B-C88A-447D-80F2-C9D1C6A09BA8}.Linux|Any CPU.Build.0 = Release|Any CPU
		{4696FF9B-C88A-447D-80F2-C9D1C6A09BA8}.Linux|Mixed Platforms.ActiveCfg = Release|Any CPU
		{4696FF9B-C88A-447D-80F2-C9D1C6A09BA8}.Linux|Mixed Platforms.Build.0 = Release|Any CPU
		{4696FF9B-C88A-447D-80F2-C9D1C6A09BA8}.Linux|x86.ActiveCfg = Release|Any CPU
		{4696FF9B-C88A-447D-80F2-C9D1C6A09BA8}.Linux|x86.Build.0 = Release|Any CPU
		{4696FF9B-C88A-447D-80F2-C9D1C6A09BA8}.Release|Any CPU.ActiveCfg = Release|Any CPU
		{4696FF9B-C88A-447D-80F2-C9D1C6A09BA8}.Release|Any CPU.Build.0 = Release|Any CPU
		{4696FF9B-C88A-447D-80F2-C9D1C6A09BA8}.Release|Mixed Platforms.ActiveCfg = Release|Any CPU
		{4696FF9B-C88A-447D-80F2-C9D1C6A09BA8}.Release|Mixed Platforms.Build.0 = Release|Any CPU
		{4696FF9B-C88A-447D-80F2-C9D1C6A09BA8}.Release|x86.ActiveCfg = Release|Any CPU
		{4696FF9B-C88A-447D-80F2-C9D1C6A09BA8}.Release|x86.Build.0 = Release|Any CPU
		{7801686B-F77F-48B7-B36B-CFEFCC2AD796}.Debug (Exclude EpiMap)|Any CPU.ActiveCfg = Debug|Any CPU
		{7801686B-F77F-48B7-B36B-CFEFCC2AD796}.Debug (Exclude EpiMap)|Any CPU.Build.0 = Debug|Any CPU
		{7801686B-F77F-48B7-B36B-CFEFCC2AD796}.Debug (Exclude EpiMap)|Mixed Platforms.ActiveCfg = Debug|Any CPU
		{7801686B-F77F-48B7-B36B-CFEFCC2AD796}.Debug (Exclude EpiMap)|Mixed Platforms.Build.0 = Debug|Any CPU
		{7801686B-F77F-48B7-B36B-CFEFCC2AD796}.Debug (Exclude EpiMap)|x86.ActiveCfg = Debug|Any CPU
		{7801686B-F77F-48B7-B36B-CFEFCC2AD796}.Debug (Exclude EpiMap)|x86.Build.0 = Debug|Any CPU
		{7801686B-F77F-48B7-B36B-CFEFCC2AD796}.Debug|Any CPU.ActiveCfg = Debug|Any CPU
		{7801686B-F77F-48B7-B36B-CFEFCC2AD796}.Debug|Any CPU.Build.0 = Debug|Any CPU
		{7801686B-F77F-48B7-B36B-CFEFCC2AD796}.Debug|Mixed Platforms.ActiveCfg = Debug|Any CPU
		{7801686B-F77F-48B7-B36B-CFEFCC2AD796}.Debug|Mixed Platforms.Build.0 = Debug|Any CPU
		{7801686B-F77F-48B7-B36B-CFEFCC2AD796}.Debug|x86.ActiveCfg = Debug|Any CPU
		{7801686B-F77F-48B7-B36B-CFEFCC2AD796}.Debug|x86.Build.0 = Debug|Any CPU
		{7801686B-F77F-48B7-B36B-CFEFCC2AD796}.Epi.Enter.ServiceApplication|Any CPU.ActiveCfg = Release|Any CPU
		{7801686B-F77F-48B7-B36B-CFEFCC2AD796}.Epi.Enter.ServiceApplication|Any CPU.Build.0 = Release|Any CPU
		{7801686B-F77F-48B7-B36B-CFEFCC2AD796}.Epi.Enter.ServiceApplication|Mixed Platforms.ActiveCfg = Release|Any CPU
		{7801686B-F77F-48B7-B36B-CFEFCC2AD796}.Epi.Enter.ServiceApplication|Mixed Platforms.Build.0 = Release|Any CPU
		{7801686B-F77F-48B7-B36B-CFEFCC2AD796}.Epi.Enter.ServiceApplication|x86.ActiveCfg = Release|Any CPU
		{7801686B-F77F-48B7-B36B-CFEFCC2AD796}.Epi.Enter.ServiceApplication|x86.Build.0 = Release|Any CPU
		{7801686B-F77F-48B7-B36B-CFEFCC2AD796}.Linux|Any CPU.ActiveCfg = Release|Any CPU
		{7801686B-F77F-48B7-B36B-CFEFCC2AD796}.Linux|Any CPU.Build.0 = Release|Any CPU
		{7801686B-F77F-48B7-B36B-CFEFCC2AD796}.Linux|Mixed Platforms.ActiveCfg = Release|Any CPU
		{7801686B-F77F-48B7-B36B-CFEFCC2AD796}.Linux|Mixed Platforms.Build.0 = Release|Any CPU
		{7801686B-F77F-48B7-B36B-CFEFCC2AD796}.Linux|x86.ActiveCfg = Release|Any CPU
		{7801686B-F77F-48B7-B36B-CFEFCC2AD796}.Linux|x86.Build.0 = Release|Any CPU
		{7801686B-F77F-48B7-B36B-CFEFCC2AD796}.Release|Any CPU.ActiveCfg = Release|Any CPU
		{7801686B-F77F-48B7-B36B-CFEFCC2AD796}.Release|Any CPU.Build.0 = Release|Any CPU
		{7801686B-F77F-48B7-B36B-CFEFCC2AD796}.Release|Mixed Platforms.ActiveCfg = Release|Any CPU
		{7801686B-F77F-48B7-B36B-CFEFCC2AD796}.Release|Mixed Platforms.Build.0 = Release|Any CPU
		{7801686B-F77F-48B7-B36B-CFEFCC2AD796}.Release|x86.ActiveCfg = Release|Any CPU
		{7801686B-F77F-48B7-B36B-CFEFCC2AD796}.Release|x86.Build.0 = Release|Any CPU
		{985A11FF-91AF-4379-83F8-27AECA8427AF}.Debug (Exclude EpiMap)|Any CPU.ActiveCfg = Debug|Any CPU
		{985A11FF-91AF-4379-83F8-27AECA8427AF}.Debug (Exclude EpiMap)|Any CPU.Build.0 = Debug|Any CPU
		{985A11FF-91AF-4379-83F8-27AECA8427AF}.Debug (Exclude EpiMap)|Mixed Platforms.ActiveCfg = Debug|Any CPU
		{985A11FF-91AF-4379-83F8-27AECA8427AF}.Debug (Exclude EpiMap)|Mixed Platforms.Build.0 = Debug|Any CPU
		{985A11FF-91AF-4379-83F8-27AECA8427AF}.Debug (Exclude EpiMap)|x86.ActiveCfg = Debug|Any CPU
		{985A11FF-91AF-4379-83F8-27AECA8427AF}.Debug (Exclude EpiMap)|x86.Build.0 = Debug|Any CPU
		{985A11FF-91AF-4379-83F8-27AECA8427AF}.Debug|Any CPU.ActiveCfg = Debug|Any CPU
		{985A11FF-91AF-4379-83F8-27AECA8427AF}.Debug|Any CPU.Build.0 = Debug|Any CPU
		{985A11FF-91AF-4379-83F8-27AECA8427AF}.Debug|Mixed Platforms.ActiveCfg = Debug|Any CPU
		{985A11FF-91AF-4379-83F8-27AECA8427AF}.Debug|Mixed Platforms.Build.0 = Debug|Any CPU
		{985A11FF-91AF-4379-83F8-27AECA8427AF}.Debug|x86.ActiveCfg = Debug|Any CPU
		{985A11FF-91AF-4379-83F8-27AECA8427AF}.Debug|x86.Build.0 = Debug|Any CPU
		{985A11FF-91AF-4379-83F8-27AECA8427AF}.Epi.Enter.ServiceApplication|Any CPU.ActiveCfg = Release|Any CPU
		{985A11FF-91AF-4379-83F8-27AECA8427AF}.Epi.Enter.ServiceApplication|Any CPU.Build.0 = Release|Any CPU
		{985A11FF-91AF-4379-83F8-27AECA8427AF}.Epi.Enter.ServiceApplication|Mixed Platforms.ActiveCfg = Release|Any CPU
		{985A11FF-91AF-4379-83F8-27AECA8427AF}.Epi.Enter.ServiceApplication|Mixed Platforms.Build.0 = Release|Any CPU
		{985A11FF-91AF-4379-83F8-27AECA8427AF}.Epi.Enter.ServiceApplication|x86.ActiveCfg = Release|Any CPU
		{985A11FF-91AF-4379-83F8-27AECA8427AF}.Epi.Enter.ServiceApplication|x86.Build.0 = Release|Any CPU
		{985A11FF-91AF-4379-83F8-27AECA8427AF}.Linux|Any CPU.ActiveCfg = Release|Any CPU
		{985A11FF-91AF-4379-83F8-27AECA8427AF}.Linux|Any CPU.Build.0 = Release|Any CPU
		{985A11FF-91AF-4379-83F8-27AECA8427AF}.Linux|Mixed Platforms.ActiveCfg = Release|Any CPU
		{985A11FF-91AF-4379-83F8-27AECA8427AF}.Linux|Mixed Platforms.Build.0 = Release|Any CPU
		{985A11FF-91AF-4379-83F8-27AECA8427AF}.Linux|x86.ActiveCfg = Release|Any CPU
		{985A11FF-91AF-4379-83F8-27AECA8427AF}.Linux|x86.Build.0 = Release|Any CPU
		{985A11FF-91AF-4379-83F8-27AECA8427AF}.Release|Any CPU.ActiveCfg = Release|Any CPU
		{985A11FF-91AF-4379-83F8-27AECA8427AF}.Release|Any CPU.Build.0 = Release|Any CPU
		{985A11FF-91AF-4379-83F8-27AECA8427AF}.Release|Mixed Platforms.ActiveCfg = Release|Any CPU
		{985A11FF-91AF-4379-83F8-27AECA8427AF}.Release|Mixed Platforms.Build.0 = Release|Any CPU
		{985A11FF-91AF-4379-83F8-27AECA8427AF}.Release|x86.ActiveCfg = Release|Any CPU
		{985A11FF-91AF-4379-83F8-27AECA8427AF}.Release|x86.Build.0 = Release|Any CPU
		{1B1FDCFE-78E1-487C-9168-C9FEE18AD936}.Debug (Exclude EpiMap)|Any CPU.ActiveCfg = Debug (Exclude EpiMap)|Any CPU
		{1B1FDCFE-78E1-487C-9168-C9FEE18AD936}.Debug (Exclude EpiMap)|Any CPU.Build.0 = Debug (Exclude EpiMap)|Any CPU
		{1B1FDCFE-78E1-487C-9168-C9FEE18AD936}.Debug (Exclude EpiMap)|Mixed Platforms.ActiveCfg = Debug (Exclude EpiMap)|x86
		{1B1FDCFE-78E1-487C-9168-C9FEE18AD936}.Debug (Exclude EpiMap)|Mixed Platforms.Build.0 = Debug (Exclude EpiMap)|x86
		{1B1FDCFE-78E1-487C-9168-C9FEE18AD936}.Debug (Exclude EpiMap)|x86.ActiveCfg = Debug (Exclude EpiMap)|x86
		{1B1FDCFE-78E1-487C-9168-C9FEE18AD936}.Debug (Exclude EpiMap)|x86.Build.0 = Debug (Exclude EpiMap)|x86
		{1B1FDCFE-78E1-487C-9168-C9FEE18AD936}.Debug|Any CPU.ActiveCfg = Debug|Any CPU
		{1B1FDCFE-78E1-487C-9168-C9FEE18AD936}.Debug|Any CPU.Build.0 = Debug|Any CPU
		{1B1FDCFE-78E1-487C-9168-C9FEE18AD936}.Debug|Mixed Platforms.ActiveCfg = Debug|x86
		{1B1FDCFE-78E1-487C-9168-C9FEE18AD936}.Debug|Mixed Platforms.Build.0 = Debug|x86
		{1B1FDCFE-78E1-487C-9168-C9FEE18AD936}.Debug|x86.ActiveCfg = Debug|x86
		{1B1FDCFE-78E1-487C-9168-C9FEE18AD936}.Debug|x86.Build.0 = Debug|x86
		{1B1FDCFE-78E1-487C-9168-C9FEE18AD936}.Epi.Enter.ServiceApplication|Any CPU.ActiveCfg = Epi.Enter.ServiceApplication|Any CPU
		{1B1FDCFE-78E1-487C-9168-C9FEE18AD936}.Epi.Enter.ServiceApplication|Any CPU.Build.0 = Epi.Enter.ServiceApplication|Any CPU
		{1B1FDCFE-78E1-487C-9168-C9FEE18AD936}.Epi.Enter.ServiceApplication|Mixed Platforms.ActiveCfg = Epi.Enter.ServiceApplication|x86
		{1B1FDCFE-78E1-487C-9168-C9FEE18AD936}.Epi.Enter.ServiceApplication|Mixed Platforms.Build.0 = Epi.Enter.ServiceApplication|x86
		{1B1FDCFE-78E1-487C-9168-C9FEE18AD936}.Epi.Enter.ServiceApplication|x86.ActiveCfg = Epi.Enter.ServiceApplication|x86
		{1B1FDCFE-78E1-487C-9168-C9FEE18AD936}.Epi.Enter.ServiceApplication|x86.Build.0 = Epi.Enter.ServiceApplication|x86
		{1B1FDCFE-78E1-487C-9168-C9FEE18AD936}.Linux|Any CPU.ActiveCfg = Linux|Any CPU
		{1B1FDCFE-78E1-487C-9168-C9FEE18AD936}.Linux|Any CPU.Build.0 = Linux|Any CPU
		{1B1FDCFE-78E1-487C-9168-C9FEE18AD936}.Linux|Mixed Platforms.ActiveCfg = Linux|x86
		{1B1FDCFE-78E1-487C-9168-C9FEE18AD936}.Linux|Mixed Platforms.Build.0 = Linux|x86
		{1B1FDCFE-78E1-487C-9168-C9FEE18AD936}.Linux|x86.ActiveCfg = Linux|x86
		{1B1FDCFE-78E1-487C-9168-C9FEE18AD936}.Linux|x86.Build.0 = Linux|x86
		{1B1FDCFE-78E1-487C-9168-C9FEE18AD936}.Release|Any CPU.ActiveCfg = Release|Any CPU
		{1B1FDCFE-78E1-487C-9168-C9FEE18AD936}.Release|Any CPU.Build.0 = Release|Any CPU
		{1B1FDCFE-78E1-487C-9168-C9FEE18AD936}.Release|Mixed Platforms.ActiveCfg = Release|x86
		{1B1FDCFE-78E1-487C-9168-C9FEE18AD936}.Release|Mixed Platforms.Build.0 = Release|x86
		{1B1FDCFE-78E1-487C-9168-C9FEE18AD936}.Release|x86.ActiveCfg = Release|x86
		{1B1FDCFE-78E1-487C-9168-C9FEE18AD936}.Release|x86.Build.0 = Release|x86
		{AC7AB55A-8191-464D-B4D8-DF7D96A86C5D}.Debug (Exclude EpiMap)|Any CPU.ActiveCfg = Debug|Any CPU
		{AC7AB55A-8191-464D-B4D8-DF7D96A86C5D}.Debug (Exclude EpiMap)|Any CPU.Build.0 = Debug|Any CPU
		{AC7AB55A-8191-464D-B4D8-DF7D96A86C5D}.Debug (Exclude EpiMap)|Mixed Platforms.ActiveCfg = Debug|Any CPU
		{AC7AB55A-8191-464D-B4D8-DF7D96A86C5D}.Debug (Exclude EpiMap)|Mixed Platforms.Build.0 = Debug|Any CPU
		{AC7AB55A-8191-464D-B4D8-DF7D96A86C5D}.Debug (Exclude EpiMap)|x86.ActiveCfg = Debug|Any CPU
		{AC7AB55A-8191-464D-B4D8-DF7D96A86C5D}.Debug (Exclude EpiMap)|x86.Build.0 = Debug|Any CPU
		{AC7AB55A-8191-464D-B4D8-DF7D96A86C5D}.Debug|Any CPU.ActiveCfg = Debug|Any CPU
		{AC7AB55A-8191-464D-B4D8-DF7D96A86C5D}.Debug|Any CPU.Build.0 = Debug|Any CPU
		{AC7AB55A-8191-464D-B4D8-DF7D96A86C5D}.Debug|Mixed Platforms.ActiveCfg = Debug|Any CPU
		{AC7AB55A-8191-464D-B4D8-DF7D96A86C5D}.Debug|Mixed Platforms.Build.0 = Debug|Any CPU
		{AC7AB55A-8191-464D-B4D8-DF7D96A86C5D}.Debug|x86.ActiveCfg = Debug|Any CPU
		{AC7AB55A-8191-464D-B4D8-DF7D96A86C5D}.Debug|x86.Build.0 = Debug|Any CPU
		{AC7AB55A-8191-464D-B4D8-DF7D96A86C5D}.Epi.Enter.ServiceApplication|Any CPU.ActiveCfg = Release|Any CPU
		{AC7AB55A-8191-464D-B4D8-DF7D96A86C5D}.Epi.Enter.ServiceApplication|Any CPU.Build.0 = Release|Any CPU
		{AC7AB55A-8191-464D-B4D8-DF7D96A86C5D}.Epi.Enter.ServiceApplication|Mixed Platforms.ActiveCfg = Release|Any CPU
		{AC7AB55A-8191-464D-B4D8-DF7D96A86C5D}.Epi.Enter.ServiceApplication|Mixed Platforms.Build.0 = Release|Any CPU
		{AC7AB55A-8191-464D-B4D8-DF7D96A86C5D}.Epi.Enter.ServiceApplication|x86.ActiveCfg = Release|Any CPU
		{AC7AB55A-8191-464D-B4D8-DF7D96A86C5D}.Epi.Enter.ServiceApplication|x86.Build.0 = Release|Any CPU
		{AC7AB55A-8191-464D-B4D8-DF7D96A86C5D}.Linux|Any CPU.ActiveCfg = Release|Any CPU
		{AC7AB55A-8191-464D-B4D8-DF7D96A86C5D}.Linux|Any CPU.Build.0 = Release|Any CPU
		{AC7AB55A-8191-464D-B4D8-DF7D96A86C5D}.Linux|Mixed Platforms.ActiveCfg = Release|Any CPU
		{AC7AB55A-8191-464D-B4D8-DF7D96A86C5D}.Linux|Mixed Platforms.Build.0 = Release|Any CPU
		{AC7AB55A-8191-464D-B4D8-DF7D96A86C5D}.Linux|x86.ActiveCfg = Release|Any CPU
		{AC7AB55A-8191-464D-B4D8-DF7D96A86C5D}.Linux|x86.Build.0 = Release|Any CPU
		{AC7AB55A-8191-464D-B4D8-DF7D96A86C5D}.Release|Any CPU.ActiveCfg = Release|Any CPU
		{AC7AB55A-8191-464D-B4D8-DF7D96A86C5D}.Release|Any CPU.Build.0 = Release|Any CPU
		{AC7AB55A-8191-464D-B4D8-DF7D96A86C5D}.Release|Mixed Platforms.ActiveCfg = Release|Any CPU
		{AC7AB55A-8191-464D-B4D8-DF7D96A86C5D}.Release|Mixed Platforms.Build.0 = Release|Any CPU
		{AC7AB55A-8191-464D-B4D8-DF7D96A86C5D}.Release|x86.ActiveCfg = Release|Any CPU
		{AC7AB55A-8191-464D-B4D8-DF7D96A86C5D}.Release|x86.Build.0 = Release|Any CPU
		{AA7BFD2A-AB8F-41AF-8F37-F4207627563F}.Debug (Exclude EpiMap)|Any CPU.ActiveCfg = Debug|Any CPU
		{AA7BFD2A-AB8F-41AF-8F37-F4207627563F}.Debug (Exclude EpiMap)|Any CPU.Build.0 = Debug|Any CPU
		{AA7BFD2A-AB8F-41AF-8F37-F4207627563F}.Debug (Exclude EpiMap)|Mixed Platforms.ActiveCfg = Debug|Any CPU
		{AA7BFD2A-AB8F-41AF-8F37-F4207627563F}.Debug (Exclude EpiMap)|Mixed Platforms.Build.0 = Debug|Any CPU
		{AA7BFD2A-AB8F-41AF-8F37-F4207627563F}.Debug (Exclude EpiMap)|x86.ActiveCfg = Debug|Any CPU
		{AA7BFD2A-AB8F-41AF-8F37-F4207627563F}.Debug (Exclude EpiMap)|x86.Build.0 = Debug|Any CPU
		{AA7BFD2A-AB8F-41AF-8F37-F4207627563F}.Debug|Any CPU.ActiveCfg = Debug|Any CPU
		{AA7BFD2A-AB8F-41AF-8F37-F4207627563F}.Debug|Any CPU.Build.0 = Debug|Any CPU
		{AA7BFD2A-AB8F-41AF-8F37-F4207627563F}.Debug|Mixed Platforms.ActiveCfg = Debug|Any CPU
		{AA7BFD2A-AB8F-41AF-8F37-F4207627563F}.Debug|Mixed Platforms.Build.0 = Debug|Any CPU
		{AA7BFD2A-AB8F-41AF-8F37-F4207627563F}.Debug|x86.ActiveCfg = Debug|Any CPU
		{AA7BFD2A-AB8F-41AF-8F37-F4207627563F}.Debug|x86.Build.0 = Debug|Any CPU
		{AA7BFD2A-AB8F-41AF-8F37-F4207627563F}.Epi.Enter.ServiceApplication|Any CPU.ActiveCfg = Release|Any CPU
		{AA7BFD2A-AB8F-41AF-8F37-F4207627563F}.Epi.Enter.ServiceApplication|Any CPU.Build.0 = Release|Any CPU
		{AA7BFD2A-AB8F-41AF-8F37-F4207627563F}.Epi.Enter.ServiceApplication|Mixed Platforms.ActiveCfg = Release|Any CPU
		{AA7BFD2A-AB8F-41AF-8F37-F4207627563F}.Epi.Enter.ServiceApplication|Mixed Platforms.Build.0 = Release|Any CPU
		{AA7BFD2A-AB8F-41AF-8F37-F4207627563F}.Epi.Enter.ServiceApplication|x86.ActiveCfg = Release|Any CPU
		{AA7BFD2A-AB8F-41AF-8F37-F4207627563F}.Epi.Enter.ServiceApplication|x86.Build.0 = Release|Any CPU
		{AA7BFD2A-AB8F-41AF-8F37-F4207627563F}.Linux|Any CPU.ActiveCfg = Release|Any CPU
		{AA7BFD2A-AB8F-41AF-8F37-F4207627563F}.Linux|Any CPU.Build.0 = Release|Any CPU
		{AA7BFD2A-AB8F-41AF-8F37-F4207627563F}.Linux|Mixed Platforms.ActiveCfg = Release|Any CPU
		{AA7BFD2A-AB8F-41AF-8F37-F4207627563F}.Linux|Mixed Platforms.Build.0 = Release|Any CPU
		{AA7BFD2A-AB8F-41AF-8F37-F4207627563F}.Linux|x86.ActiveCfg = Release|Any CPU
		{AA7BFD2A-AB8F-41AF-8F37-F4207627563F}.Linux|x86.Build.0 = Release|Any CPU
		{AA7BFD2A-AB8F-41AF-8F37-F4207627563F}.Release|Any CPU.ActiveCfg = Release|Any CPU
		{AA7BFD2A-AB8F-41AF-8F37-F4207627563F}.Release|Any CPU.Build.0 = Release|Any CPU
		{AA7BFD2A-AB8F-41AF-8F37-F4207627563F}.Release|Mixed Platforms.ActiveCfg = Release|Any CPU
		{AA7BFD2A-AB8F-41AF-8F37-F4207627563F}.Release|Mixed Platforms.Build.0 = Release|Any CPU
		{AA7BFD2A-AB8F-41AF-8F37-F4207627563F}.Release|x86.ActiveCfg = Release|Any CPU
		{AA7BFD2A-AB8F-41AF-8F37-F4207627563F}.Release|x86.Build.0 = Release|Any CPU
		{77423EA0-9F83-4E77-AD33-7483C36062EE}.Debug (Exclude EpiMap)|Any CPU.ActiveCfg = Debug|Any CPU
		{77423EA0-9F83-4E77-AD33-7483C36062EE}.Debug (Exclude EpiMap)|Any CPU.Build.0 = Debug|Any CPU
		{77423EA0-9F83-4E77-AD33-7483C36062EE}.Debug (Exclude EpiMap)|Mixed Platforms.ActiveCfg = Debug|Any CPU
		{77423EA0-9F83-4E77-AD33-7483C36062EE}.Debug (Exclude EpiMap)|Mixed Platforms.Build.0 = Debug|Any CPU
		{77423EA0-9F83-4E77-AD33-7483C36062EE}.Debug (Exclude EpiMap)|x86.ActiveCfg = Debug|Any CPU
		{77423EA0-9F83-4E77-AD33-7483C36062EE}.Debug (Exclude EpiMap)|x86.Build.0 = Debug|Any CPU
		{77423EA0-9F83-4E77-AD33-7483C36062EE}.Debug|Any CPU.ActiveCfg = Debug|Any CPU
		{77423EA0-9F83-4E77-AD33-7483C36062EE}.Debug|Any CPU.Build.0 = Debug|Any CPU
		{77423EA0-9F83-4E77-AD33-7483C36062EE}.Debug|Mixed Platforms.ActiveCfg = Debug|Any CPU
		{77423EA0-9F83-4E77-AD33-7483C36062EE}.Debug|Mixed Platforms.Build.0 = Debug|Any CPU
		{77423EA0-9F83-4E77-AD33-7483C36062EE}.Debug|x86.ActiveCfg = Debug|Any CPU
		{77423EA0-9F83-4E77-AD33-7483C36062EE}.Debug|x86.Build.0 = Debug|Any CPU
		{77423EA0-9F83-4E77-AD33-7483C36062EE}.Epi.Enter.ServiceApplication|Any CPU.ActiveCfg = Release|Any CPU
		{77423EA0-9F83-4E77-AD33-7483C36062EE}.Epi.Enter.ServiceApplication|Any CPU.Build.0 = Release|Any CPU
		{77423EA0-9F83-4E77-AD33-7483C36062EE}.Epi.Enter.ServiceApplication|Mixed Platforms.ActiveCfg = Release|Any CPU
		{77423EA0-9F83-4E77-AD33-7483C36062EE}.Epi.Enter.ServiceApplication|Mixed Platforms.Build.0 = Release|Any CPU
		{77423EA0-9F83-4E77-AD33-7483C36062EE}.Epi.Enter.ServiceApplication|x86.ActiveCfg = Release|Any CPU
		{77423EA0-9F83-4E77-AD33-7483C36062EE}.Epi.Enter.ServiceApplication|x86.Build.0 = Release|Any CPU
		{77423EA0-9F83-4E77-AD33-7483C36062EE}.Linux|Any CPU.ActiveCfg = Release|Any CPU
		{77423EA0-9F83-4E77-AD33-7483C36062EE}.Linux|Any CPU.Build.0 = Release|Any CPU
		{77423EA0-9F83-4E77-AD33-7483C36062EE}.Linux|Mixed Platforms.ActiveCfg = Release|Any CPU
		{77423EA0-9F83-4E77-AD33-7483C36062EE}.Linux|Mixed Platforms.Build.0 = Release|Any CPU
		{77423EA0-9F83-4E77-AD33-7483C36062EE}.Linux|x86.ActiveCfg = Release|Any CPU
		{77423EA0-9F83-4E77-AD33-7483C36062EE}.Linux|x86.Build.0 = Release|Any CPU
		{77423EA0-9F83-4E77-AD33-7483C36062EE}.Release|Any CPU.ActiveCfg = Release|Any CPU
		{77423EA0-9F83-4E77-AD33-7483C36062EE}.Release|Any CPU.Build.0 = Release|Any CPU
		{77423EA0-9F83-4E77-AD33-7483C36062EE}.Release|Mixed Platforms.ActiveCfg = Release|Any CPU
		{77423EA0-9F83-4E77-AD33-7483C36062EE}.Release|Mixed Platforms.Build.0 = Release|Any CPU
		{77423EA0-9F83-4E77-AD33-7483C36062EE}.Release|x86.ActiveCfg = Release|Any CPU
		{77423EA0-9F83-4E77-AD33-7483C36062EE}.Release|x86.Build.0 = Release|Any CPU
		{31FB19A9-9591-4202-8619-E6EC618FCA73}.Debug (Exclude EpiMap)|Any CPU.ActiveCfg = Debug|Any CPU
		{31FB19A9-9591-4202-8619-E6EC618FCA73}.Debug (Exclude EpiMap)|Any CPU.Build.0 = Debug|Any CPU
		{31FB19A9-9591-4202-8619-E6EC618FCA73}.Debug (Exclude EpiMap)|Mixed Platforms.ActiveCfg = Debug|Any CPU
		{31FB19A9-9591-4202-8619-E6EC618FCA73}.Debug (Exclude EpiMap)|Mixed Platforms.Build.0 = Debug|Any CPU
		{31FB19A9-9591-4202-8619-E6EC618FCA73}.Debug (Exclude EpiMap)|x86.ActiveCfg = Debug|Any CPU
		{31FB19A9-9591-4202-8619-E6EC618FCA73}.Debug (Exclude EpiMap)|x86.Build.0 = Debug|Any CPU
		{31FB19A9-9591-4202-8619-E6EC618FCA73}.Debug|Any CPU.ActiveCfg = Debug|Any CPU
		{31FB19A9-9591-4202-8619-E6EC618FCA73}.Debug|Any CPU.Build.0 = Debug|Any CPU
		{31FB19A9-9591-4202-8619-E6EC618FCA73}.Debug|Mixed Platforms.ActiveCfg = Debug|Any CPU
		{31FB19A9-9591-4202-8619-E6EC618FCA73}.Debug|Mixed Platforms.Build.0 = Debug|Any CPU
		{31FB19A9-9591-4202-8619-E6EC618FCA73}.Debug|x86.ActiveCfg = Debug|Any CPU
		{31FB19A9-9591-4202-8619-E6EC618FCA73}.Debug|x86.Build.0 = Debug|Any CPU
		{31FB19A9-9591-4202-8619-E6EC618FCA73}.Epi.Enter.ServiceApplication|Any CPU.ActiveCfg = Release|Any CPU
		{31FB19A9-9591-4202-8619-E6EC618FCA73}.Epi.Enter.ServiceApplication|Any CPU.Build.0 = Release|Any CPU
		{31FB19A9-9591-4202-8619-E6EC618FCA73}.Epi.Enter.ServiceApplication|Mixed Platforms.ActiveCfg = Release|Any CPU
		{31FB19A9-9591-4202-8619-E6EC618FCA73}.Epi.Enter.ServiceApplication|Mixed Platforms.Build.0 = Release|Any CPU
		{31FB19A9-9591-4202-8619-E6EC618FCA73}.Epi.Enter.ServiceApplication|x86.ActiveCfg = Release|Any CPU
		{31FB19A9-9591-4202-8619-E6EC618FCA73}.Epi.Enter.ServiceApplication|x86.Build.0 = Release|Any CPU
		{31FB19A9-9591-4202-8619-E6EC618FCA73}.Linux|Any CPU.ActiveCfg = Release|Any CPU
		{31FB19A9-9591-4202-8619-E6EC618FCA73}.Linux|Any CPU.Build.0 = Release|Any CPU
		{31FB19A9-9591-4202-8619-E6EC618FCA73}.Linux|Mixed Platforms.ActiveCfg = Release|Any CPU
		{31FB19A9-9591-4202-8619-E6EC618FCA73}.Linux|Mixed Platforms.Build.0 = Release|Any CPU
		{31FB19A9-9591-4202-8619-E6EC618FCA73}.Linux|x86.ActiveCfg = Release|Any CPU
		{31FB19A9-9591-4202-8619-E6EC618FCA73}.Linux|x86.Build.0 = Release|Any CPU
		{31FB19A9-9591-4202-8619-E6EC618FCA73}.Release|Any CPU.ActiveCfg = Release|Any CPU
		{31FB19A9-9591-4202-8619-E6EC618FCA73}.Release|Any CPU.Build.0 = Release|Any CPU
		{31FB19A9-9591-4202-8619-E6EC618FCA73}.Release|Mixed Platforms.ActiveCfg = Release|Any CPU
		{31FB19A9-9591-4202-8619-E6EC618FCA73}.Release|Mixed Platforms.Build.0 = Release|Any CPU
		{31FB19A9-9591-4202-8619-E6EC618FCA73}.Release|x86.ActiveCfg = Release|Any CPU
		{31FB19A9-9591-4202-8619-E6EC618FCA73}.Release|x86.Build.0 = Release|Any CPU
		{1ABBBD53-0239-4BDE-8F14-1AAA9FDA2AC2}.Debug (Exclude EpiMap)|Any CPU.ActiveCfg = Debug|Any CPU
		{1ABBBD53-0239-4BDE-8F14-1AAA9FDA2AC2}.Debug (Exclude EpiMap)|Any CPU.Build.0 = Debug|Any CPU
		{1ABBBD53-0239-4BDE-8F14-1AAA9FDA2AC2}.Debug (Exclude EpiMap)|Mixed Platforms.ActiveCfg = Debug|Any CPU
		{1ABBBD53-0239-4BDE-8F14-1AAA9FDA2AC2}.Debug (Exclude EpiMap)|Mixed Platforms.Build.0 = Debug|Any CPU
		{1ABBBD53-0239-4BDE-8F14-1AAA9FDA2AC2}.Debug (Exclude EpiMap)|x86.ActiveCfg = Debug|Any CPU
		{1ABBBD53-0239-4BDE-8F14-1AAA9FDA2AC2}.Debug (Exclude EpiMap)|x86.Build.0 = Debug|Any CPU
		{1ABBBD53-0239-4BDE-8F14-1AAA9FDA2AC2}.Debug|Any CPU.ActiveCfg = Debug|Any CPU
		{1ABBBD53-0239-4BDE-8F14-1AAA9FDA2AC2}.Debug|Any CPU.Build.0 = Debug|Any CPU
		{1ABBBD53-0239-4BDE-8F14-1AAA9FDA2AC2}.Debug|Mixed Platforms.ActiveCfg = Debug|Any CPU
		{1ABBBD53-0239-4BDE-8F14-1AAA9FDA2AC2}.Debug|Mixed Platforms.Build.0 = Debug|Any CPU
		{1ABBBD53-0239-4BDE-8F14-1AAA9FDA2AC2}.Debug|x86.ActiveCfg = Debug|Any CPU
		{1ABBBD53-0239-4BDE-8F14-1AAA9FDA2AC2}.Debug|x86.Build.0 = Debug|Any CPU
		{1ABBBD53-0239-4BDE-8F14-1AAA9FDA2AC2}.Epi.Enter.ServiceApplication|Any CPU.ActiveCfg = Release|Any CPU
		{1ABBBD53-0239-4BDE-8F14-1AAA9FDA2AC2}.Epi.Enter.ServiceApplication|Any CPU.Build.0 = Release|Any CPU
		{1ABBBD53-0239-4BDE-8F14-1AAA9FDA2AC2}.Epi.Enter.ServiceApplication|Mixed Platforms.ActiveCfg = Release|Any CPU
		{1ABBBD53-0239-4BDE-8F14-1AAA9FDA2AC2}.Epi.Enter.ServiceApplication|Mixed Platforms.Build.0 = Release|Any CPU
		{1ABBBD53-0239-4BDE-8F14-1AAA9FDA2AC2}.Epi.Enter.ServiceApplication|x86.ActiveCfg = Release|Any CPU
		{1ABBBD53-0239-4BDE-8F14-1AAA9FDA2AC2}.Epi.Enter.ServiceApplication|x86.Build.0 = Release|Any CPU
		{1ABBBD53-0239-4BDE-8F14-1AAA9FDA2AC2}.Linux|Any CPU.ActiveCfg = Release|Any CPU
		{1ABBBD53-0239-4BDE-8F14-1AAA9FDA2AC2}.Linux|Any CPU.Build.0 = Release|Any CPU
		{1ABBBD53-0239-4BDE-8F14-1AAA9FDA2AC2}.Linux|Mixed Platforms.ActiveCfg = Release|Any CPU
		{1ABBBD53-0239-4BDE-8F14-1AAA9FDA2AC2}.Linux|Mixed Platforms.Build.0 = Release|Any CPU
		{1ABBBD53-0239-4BDE-8F14-1AAA9FDA2AC2}.Linux|x86.ActiveCfg = Release|Any CPU
		{1ABBBD53-0239-4BDE-8F14-1AAA9FDA2AC2}.Linux|x86.Build.0 = Release|Any CPU
		{1ABBBD53-0239-4BDE-8F14-1AAA9FDA2AC2}.Release|Any CPU.ActiveCfg = Release|Any CPU
		{1ABBBD53-0239-4BDE-8F14-1AAA9FDA2AC2}.Release|Any CPU.Build.0 = Release|Any CPU
		{1ABBBD53-0239-4BDE-8F14-1AAA9FDA2AC2}.Release|Mixed Platforms.ActiveCfg = Release|Any CPU
		{1ABBBD53-0239-4BDE-8F14-1AAA9FDA2AC2}.Release|Mixed Platforms.Build.0 = Release|Any CPU
		{1ABBBD53-0239-4BDE-8F14-1AAA9FDA2AC2}.Release|x86.ActiveCfg = Release|Any CPU
		{1ABBBD53-0239-4BDE-8F14-1AAA9FDA2AC2}.Release|x86.Build.0 = Release|Any CPU
		{8AD159A9-1A48-4593-91E0-23AE415B0BB2}.Debug (Exclude EpiMap)|Any CPU.ActiveCfg = Debug|Any CPU
		{8AD159A9-1A48-4593-91E0-23AE415B0BB2}.Debug (Exclude EpiMap)|Any CPU.Build.0 = Debug|Any CPU
		{8AD159A9-1A48-4593-91E0-23AE415B0BB2}.Debug (Exclude EpiMap)|Mixed Platforms.ActiveCfg = Debug|Any CPU
		{8AD159A9-1A48-4593-91E0-23AE415B0BB2}.Debug (Exclude EpiMap)|Mixed Platforms.Build.0 = Debug|Any CPU
		{8AD159A9-1A48-4593-91E0-23AE415B0BB2}.Debug (Exclude EpiMap)|x86.ActiveCfg = Debug|Any CPU
		{8AD159A9-1A48-4593-91E0-23AE415B0BB2}.Debug (Exclude EpiMap)|x86.Build.0 = Debug|Any CPU
		{8AD159A9-1A48-4593-91E0-23AE415B0BB2}.Debug|Any CPU.ActiveCfg = Debug|Any CPU
		{8AD159A9-1A48-4593-91E0-23AE415B0BB2}.Debug|Any CPU.Build.0 = Debug|Any CPU
		{8AD159A9-1A48-4593-91E0-23AE415B0BB2}.Debug|Mixed Platforms.ActiveCfg = Debug|Any CPU
		{8AD159A9-1A48-4593-91E0-23AE415B0BB2}.Debug|Mixed Platforms.Build.0 = Debug|Any CPU
		{8AD159A9-1A48-4593-91E0-23AE415B0BB2}.Debug|x86.ActiveCfg = Debug|Any CPU
		{8AD159A9-1A48-4593-91E0-23AE415B0BB2}.Debug|x86.Build.0 = Debug|Any CPU
		{8AD159A9-1A48-4593-91E0-23AE415B0BB2}.Epi.Enter.ServiceApplication|Any CPU.ActiveCfg = Release|Any CPU
		{8AD159A9-1A48-4593-91E0-23AE415B0BB2}.Epi.Enter.ServiceApplication|Any CPU.Build.0 = Release|Any CPU
		{8AD159A9-1A48-4593-91E0-23AE415B0BB2}.Epi.Enter.ServiceApplication|Mixed Platforms.ActiveCfg = Release|Any CPU
		{8AD159A9-1A48-4593-91E0-23AE415B0BB2}.Epi.Enter.ServiceApplication|Mixed Platforms.Build.0 = Release|Any CPU
		{8AD159A9-1A48-4593-91E0-23AE415B0BB2}.Epi.Enter.ServiceApplication|x86.ActiveCfg = Release|Any CPU
		{8AD159A9-1A48-4593-91E0-23AE415B0BB2}.Epi.Enter.ServiceApplication|x86.Build.0 = Release|Any CPU
		{8AD159A9-1A48-4593-91E0-23AE415B0BB2}.Linux|Any CPU.ActiveCfg = Release|Any CPU
		{8AD159A9-1A48-4593-91E0-23AE415B0BB2}.Linux|Any CPU.Build.0 = Release|Any CPU
		{8AD159A9-1A48-4593-91E0-23AE415B0BB2}.Linux|Mixed Platforms.ActiveCfg = Release|Any CPU
		{8AD159A9-1A48-4593-91E0-23AE415B0BB2}.Linux|Mixed Platforms.Build.0 = Release|Any CPU
		{8AD159A9-1A48-4593-91E0-23AE415B0BB2}.Linux|x86.ActiveCfg = Release|Any CPU
		{8AD159A9-1A48-4593-91E0-23AE415B0BB2}.Linux|x86.Build.0 = Release|Any CPU
		{8AD159A9-1A48-4593-91E0-23AE415B0BB2}.Release|Any CPU.ActiveCfg = Release|Any CPU
		{8AD159A9-1A48-4593-91E0-23AE415B0BB2}.Release|Any CPU.Build.0 = Release|Any CPU
		{8AD159A9-1A48-4593-91E0-23AE415B0BB2}.Release|Mixed Platforms.ActiveCfg = Release|Any CPU
		{8AD159A9-1A48-4593-91E0-23AE415B0BB2}.Release|Mixed Platforms.Build.0 = Release|Any CPU
		{8AD159A9-1A48-4593-91E0-23AE415B0BB2}.Release|x86.ActiveCfg = Release|Any CPU
		{8AD159A9-1A48-4593-91E0-23AE415B0BB2}.Release|x86.Build.0 = Release|Any CPU
		{1BD3B7DA-C63F-4644-B391-B364FDF62FF4}.Debug (Exclude EpiMap)|Any CPU.ActiveCfg = Debug|Any CPU
		{1BD3B7DA-C63F-4644-B391-B364FDF62FF4}.Debug (Exclude EpiMap)|Any CPU.Build.0 = Debug|Any CPU
		{1BD3B7DA-C63F-4644-B391-B364FDF62FF4}.Debug (Exclude EpiMap)|Mixed Platforms.ActiveCfg = Debug|Any CPU
		{1BD3B7DA-C63F-4644-B391-B364FDF62FF4}.Debug (Exclude EpiMap)|Mixed Platforms.Build.0 = Debug|Any CPU
		{1BD3B7DA-C63F-4644-B391-B364FDF62FF4}.Debug (Exclude EpiMap)|x86.ActiveCfg = Debug|Any CPU
		{1BD3B7DA-C63F-4644-B391-B364FDF62FF4}.Debug (Exclude EpiMap)|x86.Build.0 = Debug|Any CPU
		{1BD3B7DA-C63F-4644-B391-B364FDF62FF4}.Debug|Any CPU.ActiveCfg = Debug|Any CPU
		{1BD3B7DA-C63F-4644-B391-B364FDF62FF4}.Debug|Any CPU.Build.0 = Debug|Any CPU
		{1BD3B7DA-C63F-4644-B391-B364FDF62FF4}.Debug|Mixed Platforms.ActiveCfg = Debug|Any CPU
		{1BD3B7DA-C63F-4644-B391-B364FDF62FF4}.Debug|Mixed Platforms.Build.0 = Debug|Any CPU
		{1BD3B7DA-C63F-4644-B391-B364FDF62FF4}.Debug|x86.ActiveCfg = Debug|Any CPU
		{1BD3B7DA-C63F-4644-B391-B364FDF62FF4}.Debug|x86.Build.0 = Debug|Any CPU
		{1BD3B7DA-C63F-4644-B391-B364FDF62FF4}.Epi.Enter.ServiceApplication|Any CPU.ActiveCfg = Release|Any CPU
		{1BD3B7DA-C63F-4644-B391-B364FDF62FF4}.Epi.Enter.ServiceApplication|Any CPU.Build.0 = Release|Any CPU
		{1BD3B7DA-C63F-4644-B391-B364FDF62FF4}.Epi.Enter.ServiceApplication|Mixed Platforms.ActiveCfg = Release|Any CPU
		{1BD3B7DA-C63F-4644-B391-B364FDF62FF4}.Epi.Enter.ServiceApplication|Mixed Platforms.Build.0 = Release|Any CPU
		{1BD3B7DA-C63F-4644-B391-B364FDF62FF4}.Epi.Enter.ServiceApplication|x86.ActiveCfg = Release|Any CPU
		{1BD3B7DA-C63F-4644-B391-B364FDF62FF4}.Epi.Enter.ServiceApplication|x86.Build.0 = Release|Any CPU
		{1BD3B7DA-C63F-4644-B391-B364FDF62FF4}.Linux|Any CPU.ActiveCfg = Release|Any CPU
		{1BD3B7DA-C63F-4644-B391-B364FDF62FF4}.Linux|Any CPU.Build.0 = Release|Any CPU
		{1BD3B7DA-C63F-4644-B391-B364FDF62FF4}.Linux|Mixed Platforms.ActiveCfg = Release|Any CPU
		{1BD3B7DA-C63F-4644-B391-B364FDF62FF4}.Linux|Mixed Platforms.Build.0 = Release|Any CPU
		{1BD3B7DA-C63F-4644-B391-B364FDF62FF4}.Linux|x86.ActiveCfg = Release|Any CPU
		{1BD3B7DA-C63F-4644-B391-B364FDF62FF4}.Linux|x86.Build.0 = Release|Any CPU
		{1BD3B7DA-C63F-4644-B391-B364FDF62FF4}.Release|Any CPU.ActiveCfg = Release|Any CPU
		{1BD3B7DA-C63F-4644-B391-B364FDF62FF4}.Release|Any CPU.Build.0 = Release|Any CPU
		{1BD3B7DA-C63F-4644-B391-B364FDF62FF4}.Release|Mixed Platforms.ActiveCfg = Release|Any CPU
		{1BD3B7DA-C63F-4644-B391-B364FDF62FF4}.Release|Mixed Platforms.Build.0 = Release|Any CPU
		{1BD3B7DA-C63F-4644-B391-B364FDF62FF4}.Release|x86.ActiveCfg = Release|Any CPU
		{1BD3B7DA-C63F-4644-B391-B364FDF62FF4}.Release|x86.Build.0 = Release|Any CPU
		{3E9B6F53-60C7-4671-9138-A1A7EDF413C4}.Debug (Exclude EpiMap)|Any CPU.ActiveCfg = Debug|Any CPU
		{3E9B6F53-60C7-4671-9138-A1A7EDF413C4}.Debug (Exclude EpiMap)|Any CPU.Build.0 = Debug|Any CPU
		{3E9B6F53-60C7-4671-9138-A1A7EDF413C4}.Debug (Exclude EpiMap)|Mixed Platforms.ActiveCfg = Debug|Any CPU
		{3E9B6F53-60C7-4671-9138-A1A7EDF413C4}.Debug (Exclude EpiMap)|Mixed Platforms.Build.0 = Debug|Any CPU
		{3E9B6F53-60C7-4671-9138-A1A7EDF413C4}.Debug (Exclude EpiMap)|x86.ActiveCfg = Debug|Any CPU
		{3E9B6F53-60C7-4671-9138-A1A7EDF413C4}.Debug (Exclude EpiMap)|x86.Build.0 = Debug|Any CPU
		{3E9B6F53-60C7-4671-9138-A1A7EDF413C4}.Debug|Any CPU.ActiveCfg = Debug|Any CPU
		{3E9B6F53-60C7-4671-9138-A1A7EDF413C4}.Debug|Any CPU.Build.0 = Debug|Any CPU
		{3E9B6F53-60C7-4671-9138-A1A7EDF413C4}.Debug|Mixed Platforms.ActiveCfg = Debug|Any CPU
		{3E9B6F53-60C7-4671-9138-A1A7EDF413C4}.Debug|Mixed Platforms.Build.0 = Debug|Any CPU
		{3E9B6F53-60C7-4671-9138-A1A7EDF413C4}.Debug|x86.ActiveCfg = Debug|Any CPU
		{3E9B6F53-60C7-4671-9138-A1A7EDF413C4}.Debug|x86.Build.0 = Debug|Any CPU
		{3E9B6F53-60C7-4671-9138-A1A7EDF413C4}.Epi.Enter.ServiceApplication|Any CPU.ActiveCfg = Release|Any CPU
		{3E9B6F53-60C7-4671-9138-A1A7EDF413C4}.Epi.Enter.ServiceApplication|Any CPU.Build.0 = Release|Any CPU
		{3E9B6F53-60C7-4671-9138-A1A7EDF413C4}.Epi.Enter.ServiceApplication|Mixed Platforms.ActiveCfg = Release|Any CPU
		{3E9B6F53-60C7-4671-9138-A1A7EDF413C4}.Epi.Enter.ServiceApplication|Mixed Platforms.Build.0 = Release|Any CPU
		{3E9B6F53-60C7-4671-9138-A1A7EDF413C4}.Epi.Enter.ServiceApplication|x86.ActiveCfg = Release|Any CPU
		{3E9B6F53-60C7-4671-9138-A1A7EDF413C4}.Epi.Enter.ServiceApplication|x86.Build.0 = Release|Any CPU
		{3E9B6F53-60C7-4671-9138-A1A7EDF413C4}.Linux|Any CPU.ActiveCfg = Release|Any CPU
		{3E9B6F53-60C7-4671-9138-A1A7EDF413C4}.Linux|Any CPU.Build.0 = Release|Any CPU
		{3E9B6F53-60C7-4671-9138-A1A7EDF413C4}.Linux|Mixed Platforms.ActiveCfg = Release|Any CPU
		{3E9B6F53-60C7-4671-9138-A1A7EDF413C4}.Linux|Mixed Platforms.Build.0 = Release|Any CPU
		{3E9B6F53-60C7-4671-9138-A1A7EDF413C4}.Linux|x86.ActiveCfg = Release|Any CPU
		{3E9B6F53-60C7-4671-9138-A1A7EDF413C4}.Linux|x86.Build.0 = Release|Any CPU
		{3E9B6F53-60C7-4671-9138-A1A7EDF413C4}.Release|Any CPU.ActiveCfg = Release|Any CPU
		{3E9B6F53-60C7-4671-9138-A1A7EDF413C4}.Release|Any CPU.Build.0 = Release|Any CPU
		{3E9B6F53-60C7-4671-9138-A1A7EDF413C4}.Release|Mixed Platforms.ActiveCfg = Release|Any CPU
		{3E9B6F53-60C7-4671-9138-A1A7EDF413C4}.Release|Mixed Platforms.Build.0 = Release|Any CPU
		{3E9B6F53-60C7-4671-9138-A1A7EDF413C4}.Release|x86.ActiveCfg = Release|Any CPU
		{3E9B6F53-60C7-4671-9138-A1A7EDF413C4}.Release|x86.Build.0 = Release|Any CPU
		{F4C81667-C307-4DB4-A727-FD42342799CF}.Debug (Exclude EpiMap)|Any CPU.ActiveCfg = Debug|Any CPU
		{F4C81667-C307-4DB4-A727-FD42342799CF}.Debug (Exclude EpiMap)|Any CPU.Build.0 = Debug|Any CPU
		{F4C81667-C307-4DB4-A727-FD42342799CF}.Debug (Exclude EpiMap)|Mixed Platforms.ActiveCfg = Debug|Any CPU
		{F4C81667-C307-4DB4-A727-FD42342799CF}.Debug (Exclude EpiMap)|Mixed Platforms.Build.0 = Debug|Any CPU
		{F4C81667-C307-4DB4-A727-FD42342799CF}.Debug (Exclude EpiMap)|x86.ActiveCfg = Debug|Any CPU
		{F4C81667-C307-4DB4-A727-FD42342799CF}.Debug (Exclude EpiMap)|x86.Build.0 = Debug|Any CPU
		{F4C81667-C307-4DB4-A727-FD42342799CF}.Debug|Any CPU.ActiveCfg = Debug|Any CPU
		{F4C81667-C307-4DB4-A727-FD42342799CF}.Debug|Any CPU.Build.0 = Debug|Any CPU
		{F4C81667-C307-4DB4-A727-FD42342799CF}.Debug|Mixed Platforms.ActiveCfg = Debug|Any CPU
		{F4C81667-C307-4DB4-A727-FD42342799CF}.Debug|Mixed Platforms.Build.0 = Debug|Any CPU
		{F4C81667-C307-4DB4-A727-FD42342799CF}.Debug|x86.ActiveCfg = Debug|Any CPU
		{F4C81667-C307-4DB4-A727-FD42342799CF}.Debug|x86.Build.0 = Debug|Any CPU
		{F4C81667-C307-4DB4-A727-FD42342799CF}.Epi.Enter.ServiceApplication|Any CPU.ActiveCfg = Release|Any CPU
		{F4C81667-C307-4DB4-A727-FD42342799CF}.Epi.Enter.ServiceApplication|Any CPU.Build.0 = Release|Any CPU
		{F4C81667-C307-4DB4-A727-FD42342799CF}.Epi.Enter.ServiceApplication|Mixed Platforms.ActiveCfg = Release|Any CPU
		{F4C81667-C307-4DB4-A727-FD42342799CF}.Epi.Enter.ServiceApplication|Mixed Platforms.Build.0 = Release|Any CPU
		{F4C81667-C307-4DB4-A727-FD42342799CF}.Epi.Enter.ServiceApplication|x86.ActiveCfg = Release|Any CPU
		{F4C81667-C307-4DB4-A727-FD42342799CF}.Epi.Enter.ServiceApplication|x86.Build.0 = Release|Any CPU
		{F4C81667-C307-4DB4-A727-FD42342799CF}.Linux|Any CPU.ActiveCfg = Release|Any CPU
		{F4C81667-C307-4DB4-A727-FD42342799CF}.Linux|Any CPU.Build.0 = Release|Any CPU
		{F4C81667-C307-4DB4-A727-FD42342799CF}.Linux|Mixed Platforms.ActiveCfg = Release|Any CPU
		{F4C81667-C307-4DB4-A727-FD42342799CF}.Linux|Mixed Platforms.Build.0 = Release|Any CPU
		{F4C81667-C307-4DB4-A727-FD42342799CF}.Linux|x86.ActiveCfg = Release|Any CPU
		{F4C81667-C307-4DB4-A727-FD42342799CF}.Linux|x86.Build.0 = Release|Any CPU
		{F4C81667-C307-4DB4-A727-FD42342799CF}.Release|Any CPU.ActiveCfg = Release|Any CPU
		{F4C81667-C307-4DB4-A727-FD42342799CF}.Release|Any CPU.Build.0 = Release|Any CPU
		{F4C81667-C307-4DB4-A727-FD42342799CF}.Release|Mixed Platforms.ActiveCfg = Release|Any CPU
		{F4C81667-C307-4DB4-A727-FD42342799CF}.Release|Mixed Platforms.Build.0 = Release|Any CPU
		{F4C81667-C307-4DB4-A727-FD42342799CF}.Release|x86.ActiveCfg = Release|Any CPU
		{F4C81667-C307-4DB4-A727-FD42342799CF}.Release|x86.Build.0 = Release|Any CPU
		{42B79D8B-0388-4134-AA9B-3DC2C1CD23DF}.Debug (Exclude EpiMap)|Any CPU.ActiveCfg = Debug|Any CPU
		{42B79D8B-0388-4134-AA9B-3DC2C1CD23DF}.Debug (Exclude EpiMap)|Any CPU.Build.0 = Debug|Any CPU
		{42B79D8B-0388-4134-AA9B-3DC2C1CD23DF}.Debug (Exclude EpiMap)|Mixed Platforms.ActiveCfg = Debug|Any CPU
		{42B79D8B-0388-4134-AA9B-3DC2C1CD23DF}.Debug (Exclude EpiMap)|Mixed Platforms.Build.0 = Debug|Any CPU
		{42B79D8B-0388-4134-AA9B-3DC2C1CD23DF}.Debug (Exclude EpiMap)|x86.ActiveCfg = Debug|Any CPU
		{42B79D8B-0388-4134-AA9B-3DC2C1CD23DF}.Debug (Exclude EpiMap)|x86.Build.0 = Debug|Any CPU
		{42B79D8B-0388-4134-AA9B-3DC2C1CD23DF}.Debug|Any CPU.ActiveCfg = Debug|Any CPU
		{42B79D8B-0388-4134-AA9B-3DC2C1CD23DF}.Debug|Any CPU.Build.0 = Debug|Any CPU
		{42B79D8B-0388-4134-AA9B-3DC2C1CD23DF}.Debug|Mixed Platforms.ActiveCfg = Debug|Any CPU
		{42B79D8B-0388-4134-AA9B-3DC2C1CD23DF}.Debug|Mixed Platforms.Build.0 = Debug|Any CPU
		{42B79D8B-0388-4134-AA9B-3DC2C1CD23DF}.Debug|x86.ActiveCfg = Debug|Any CPU
		{42B79D8B-0388-4134-AA9B-3DC2C1CD23DF}.Debug|x86.Build.0 = Debug|Any CPU
		{42B79D8B-0388-4134-AA9B-3DC2C1CD23DF}.Epi.Enter.ServiceApplication|Any CPU.ActiveCfg = Release|Any CPU
		{42B79D8B-0388-4134-AA9B-3DC2C1CD23DF}.Epi.Enter.ServiceApplication|Any CPU.Build.0 = Release|Any CPU
		{42B79D8B-0388-4134-AA9B-3DC2C1CD23DF}.Epi.Enter.ServiceApplication|Mixed Platforms.ActiveCfg = Release|Any CPU
		{42B79D8B-0388-4134-AA9B-3DC2C1CD23DF}.Epi.Enter.ServiceApplication|Mixed Platforms.Build.0 = Release|Any CPU
		{42B79D8B-0388-4134-AA9B-3DC2C1CD23DF}.Epi.Enter.ServiceApplication|x86.ActiveCfg = Release|Any CPU
		{42B79D8B-0388-4134-AA9B-3DC2C1CD23DF}.Epi.Enter.ServiceApplication|x86.Build.0 = Release|Any CPU
		{42B79D8B-0388-4134-AA9B-3DC2C1CD23DF}.Linux|Any CPU.ActiveCfg = Release|Any CPU
		{42B79D8B-0388-4134-AA9B-3DC2C1CD23DF}.Linux|Any CPU.Build.0 = Release|Any CPU
		{42B79D8B-0388-4134-AA9B-3DC2C1CD23DF}.Linux|Mixed Platforms.ActiveCfg = Release|Any CPU
		{42B79D8B-0388-4134-AA9B-3DC2C1CD23DF}.Linux|Mixed Platforms.Build.0 = Release|Any CPU
		{42B79D8B-0388-4134-AA9B-3DC2C1CD23DF}.Linux|x86.ActiveCfg = Release|Any CPU
		{42B79D8B-0388-4134-AA9B-3DC2C1CD23DF}.Linux|x86.Build.0 = Release|Any CPU
		{42B79D8B-0388-4134-AA9B-3DC2C1CD23DF}.Release|Any CPU.ActiveCfg = Release|Any CPU
		{42B79D8B-0388-4134-AA9B-3DC2C1CD23DF}.Release|Any CPU.Build.0 = Release|Any CPU
		{42B79D8B-0388-4134-AA9B-3DC2C1CD23DF}.Release|Mixed Platforms.ActiveCfg = Release|Any CPU
		{42B79D8B-0388-4134-AA9B-3DC2C1CD23DF}.Release|Mixed Platforms.Build.0 = Release|Any CPU
		{42B79D8B-0388-4134-AA9B-3DC2C1CD23DF}.Release|x86.ActiveCfg = Release|Any CPU
		{42B79D8B-0388-4134-AA9B-3DC2C1CD23DF}.Release|x86.Build.0 = Release|Any CPU
		{CD816397-9373-4D67-BBC6-E70E563BF4D4}.Debug (Exclude EpiMap)|Any CPU.ActiveCfg = Debug|Any CPU
		{CD816397-9373-4D67-BBC6-E70E563BF4D4}.Debug (Exclude EpiMap)|Any CPU.Build.0 = Debug|Any CPU
		{CD816397-9373-4D67-BBC6-E70E563BF4D4}.Debug (Exclude EpiMap)|Mixed Platforms.ActiveCfg = Debug|Any CPU
		{CD816397-9373-4D67-BBC6-E70E563BF4D4}.Debug (Exclude EpiMap)|Mixed Platforms.Build.0 = Debug|Any CPU
		{CD816397-9373-4D67-BBC6-E70E563BF4D4}.Debug (Exclude EpiMap)|x86.ActiveCfg = Debug|Any CPU
		{CD816397-9373-4D67-BBC6-E70E563BF4D4}.Debug (Exclude EpiMap)|x86.Build.0 = Debug|Any CPU
		{CD816397-9373-4D67-BBC6-E70E563BF4D4}.Debug|Any CPU.ActiveCfg = Debug|Any CPU
		{CD816397-9373-4D67-BBC6-E70E563BF4D4}.Debug|Any CPU.Build.0 = Debug|Any CPU
		{CD816397-9373-4D67-BBC6-E70E563BF4D4}.Debug|Mixed Platforms.ActiveCfg = Debug|Any CPU
		{CD816397-9373-4D67-BBC6-E70E563BF4D4}.Debug|Mixed Platforms.Build.0 = Debug|Any CPU
		{CD816397-9373-4D67-BBC6-E70E563BF4D4}.Debug|x86.ActiveCfg = Debug|Any CPU
		{CD816397-9373-4D67-BBC6-E70E563BF4D4}.Debug|x86.Build.0 = Debug|Any CPU
		{CD816397-9373-4D67-BBC6-E70E563BF4D4}.Epi.Enter.ServiceApplication|Any CPU.ActiveCfg = Release|Any CPU
		{CD816397-9373-4D67-BBC6-E70E563BF4D4}.Epi.Enter.ServiceApplication|Any CPU.Build.0 = Release|Any CPU
		{CD816397-9373-4D67-BBC6-E70E563BF4D4}.Epi.Enter.ServiceApplication|Mixed Platforms.ActiveCfg = Release|Any CPU
		{CD816397-9373-4D67-BBC6-E70E563BF4D4}.Epi.Enter.ServiceApplication|Mixed Platforms.Build.0 = Release|Any CPU
		{CD816397-9373-4D67-BBC6-E70E563BF4D4}.Epi.Enter.ServiceApplication|x86.ActiveCfg = Release|Any CPU
		{CD816397-9373-4D67-BBC6-E70E563BF4D4}.Epi.Enter.ServiceApplication|x86.Build.0 = Release|Any CPU
		{CD816397-9373-4D67-BBC6-E70E563BF4D4}.Linux|Any CPU.ActiveCfg = Release|Any CPU
		{CD816397-9373-4D67-BBC6-E70E563BF4D4}.Linux|Any CPU.Build.0 = Release|Any CPU
		{CD816397-9373-4D67-BBC6-E70E563BF4D4}.Linux|Mixed Platforms.ActiveCfg = Release|Any CPU
		{CD816397-9373-4D67-BBC6-E70E563BF4D4}.Linux|Mixed Platforms.Build.0 = Release|Any CPU
		{CD816397-9373-4D67-BBC6-E70E563BF4D4}.Linux|x86.ActiveCfg = Release|Any CPU
		{CD816397-9373-4D67-BBC6-E70E563BF4D4}.Linux|x86.Build.0 = Release|Any CPU
		{CD816397-9373-4D67-BBC6-E70E563BF4D4}.Release|Any CPU.ActiveCfg = Release|Any CPU
		{CD816397-9373-4D67-BBC6-E70E563BF4D4}.Release|Any CPU.Build.0 = Release|Any CPU
		{CD816397-9373-4D67-BBC6-E70E563BF4D4}.Release|Mixed Platforms.ActiveCfg = Release|Any CPU
		{CD816397-9373-4D67-BBC6-E70E563BF4D4}.Release|Mixed Platforms.Build.0 = Release|Any CPU
		{CD816397-9373-4D67-BBC6-E70E563BF4D4}.Release|x86.ActiveCfg = Release|Any CPU
		{CD816397-9373-4D67-BBC6-E70E563BF4D4}.Release|x86.Build.0 = Release|Any CPU
		{247F0154-3F6B-409B-BEBA-1BF9302D3B9E}.Debug (Exclude EpiMap)|Any CPU.ActiveCfg = Debug|Any CPU
		{247F0154-3F6B-409B-BEBA-1BF9302D3B9E}.Debug (Exclude EpiMap)|Any CPU.Build.0 = Debug|Any CPU
		{247F0154-3F6B-409B-BEBA-1BF9302D3B9E}.Debug (Exclude EpiMap)|Mixed Platforms.ActiveCfg = Debug|Any CPU
		{247F0154-3F6B-409B-BEBA-1BF9302D3B9E}.Debug (Exclude EpiMap)|Mixed Platforms.Build.0 = Debug|Any CPU
		{247F0154-3F6B-409B-BEBA-1BF9302D3B9E}.Debug (Exclude EpiMap)|x86.ActiveCfg = Debug|Any CPU
		{247F0154-3F6B-409B-BEBA-1BF9302D3B9E}.Debug (Exclude EpiMap)|x86.Build.0 = Debug|Any CPU
		{247F0154-3F6B-409B-BEBA-1BF9302D3B9E}.Debug|Any CPU.ActiveCfg = Debug|Any CPU
		{247F0154-3F6B-409B-BEBA-1BF9302D3B9E}.Debug|Any CPU.Build.0 = Debug|Any CPU
		{247F0154-3F6B-409B-BEBA-1BF9302D3B9E}.Debug|Mixed Platforms.ActiveCfg = Debug|Any CPU
		{247F0154-3F6B-409B-BEBA-1BF9302D3B9E}.Debug|Mixed Platforms.Build.0 = Debug|Any CPU
		{247F0154-3F6B-409B-BEBA-1BF9302D3B9E}.Debug|x86.ActiveCfg = Debug|Any CPU
		{247F0154-3F6B-409B-BEBA-1BF9302D3B9E}.Debug|x86.Build.0 = Debug|Any CPU
		{247F0154-3F6B-409B-BEBA-1BF9302D3B9E}.Epi.Enter.ServiceApplication|Any CPU.ActiveCfg = Release|Any CPU
		{247F0154-3F6B-409B-BEBA-1BF9302D3B9E}.Epi.Enter.ServiceApplication|Any CPU.Build.0 = Release|Any CPU
		{247F0154-3F6B-409B-BEBA-1BF9302D3B9E}.Epi.Enter.ServiceApplication|Mixed Platforms.ActiveCfg = Release|Any CPU
		{247F0154-3F6B-409B-BEBA-1BF9302D3B9E}.Epi.Enter.ServiceApplication|Mixed Platforms.Build.0 = Release|Any CPU
		{247F0154-3F6B-409B-BEBA-1BF9302D3B9E}.Epi.Enter.ServiceApplication|x86.ActiveCfg = Release|Any CPU
		{247F0154-3F6B-409B-BEBA-1BF9302D3B9E}.Epi.Enter.ServiceApplication|x86.Build.0 = Release|Any CPU
		{247F0154-3F6B-409B-BEBA-1BF9302D3B9E}.Linux|Any CPU.ActiveCfg = Release|Any CPU
		{247F0154-3F6B-409B-BEBA-1BF9302D3B9E}.Linux|Any CPU.Build.0 = Release|Any CPU
		{247F0154-3F6B-409B-BEBA-1BF9302D3B9E}.Linux|Mixed Platforms.ActiveCfg = Release|Any CPU
		{247F0154-3F6B-409B-BEBA-1BF9302D3B9E}.Linux|Mixed Platforms.Build.0 = Release|Any CPU
		{247F0154-3F6B-409B-BEBA-1BF9302D3B9E}.Linux|x86.ActiveCfg = Release|Any CPU
		{247F0154-3F6B-409B-BEBA-1BF9302D3B9E}.Linux|x86.Build.0 = Release|Any CPU
		{247F0154-3F6B-409B-BEBA-1BF9302D3B9E}.Release|Any CPU.ActiveCfg = Release|Any CPU
		{247F0154-3F6B-409B-BEBA-1BF9302D3B9E}.Release|Any CPU.Build.0 = Release|Any CPU
		{247F0154-3F6B-409B-BEBA-1BF9302D3B9E}.Release|Mixed Platforms.ActiveCfg = Release|Any CPU
		{247F0154-3F6B-409B-BEBA-1BF9302D3B9E}.Release|Mixed Platforms.Build.0 = Release|Any CPU
		{247F0154-3F6B-409B-BEBA-1BF9302D3B9E}.Release|x86.ActiveCfg = Release|Any CPU
		{247F0154-3F6B-409B-BEBA-1BF9302D3B9E}.Release|x86.Build.0 = Release|Any CPU
	EndGlobalSection
	GlobalSection(SolutionProperties) = preSolution
		HideSolutionNode = FALSE
	EndGlobalSection
	GlobalSection(NestedProjects) = preSolution
		{EBD2B961-A952-4670-96CA-50BAA12C7F29} = {981A998A-AD70-41C0-BD68-FC54AB453921}
		{4696FF9B-C88A-447D-80F2-C9D1C6A09BA8} = {981A998A-AD70-41C0-BD68-FC54AB453921}
		{83D23736-9927-42F2-9D37-4A20263B4C17} = {2D97BB9D-8A5E-4D42-9B43-C8677E570D8F}
	EndGlobalSection
EndGlobal
