
Microsoft Visual Studio Solution File, Format Version 12.00
# Visual Studio 14
VisualStudioVersion = 14.0.24720.0
MinimumVisualStudioVersion = 10.0.40219.1
Project("{2150E333-8FDC-42A3-9474-1A3956D46DE8}") = "Solution Items", "Solution Items", "{2D97BB9D-8A5E-4D42-9B43-C8677E570D8F}"
	ProjectSection(SolutionItems) = preProject
		CreateDatabase.sql = CreateDatabase.sql
	EndProjectSection
EndProject
Project("{FAE04EC0-301F-11D3-BF4B-00C04F79EFBC}") = "Epi.Web.Interfaces", "Epi.Web.Interfaces\Epi.Web.Interfaces.csproj", "{B8AF69BD-3CE1-4AA5-875D-3FB87C7FCE44}"
EndProject
Project("{FAE04EC0-301F-11D3-BF4B-00C04F79EFBC}") = "Epi.Web.BLL", "EIWS_BLL_Core\Epi.Web.BLL.csproj", "{D49B7A21-644B-49D7-9A5D-387BF31EAFE5}"
EndProject
Project("{FAE04EC0-301F-11D3-BF4B-00C04F79EFBC}") = "Epi.Web.EF", "Epi.Web.EF\Epi.Web.EF.csproj", "{05A484AB-A555-4200-936B-BEC573285BCC}"
EndProject
Project("{FAE04EC0-301F-11D3-BF4B-00C04F79EFBC}") = "Epi.Web.WCF.SurveyService", "SurveyManagerInterface\Epi.Web.WCF.SurveyService.csproj", "{31F91938-2997-4650-8D36-71C845F1071D}"
EndProject
Project("{FAE04EC0-301F-11D3-BF4B-00C04F79EFBC}") = "Epi.Web.SurveyManager.Client", "Epi.Web.SurveyManager_Test\Epi.Web.SurveyManager.Client.csproj", "{13D8FD8D-1403-4C84-823A-1E27806CAC30}"
	ProjectSection(ProjectDependencies) = postProject
		{BEFC85E4-F3A3-4108-9575-4EF1A004364E} = {BEFC85E4-F3A3-4108-9575-4EF1A004364E}
	EndProjectSection
EndProject
Project("{FAE04EC0-301F-11D3-BF4B-00C04F79EFBC}") = "Epi.Web.BLL.Test", "Epi.Web.SurveyManager.Test\Epi.Web.BLL.Test.csproj", "{163A960D-721D-4C43-B4D9-66522FFA3BAE}"
EndProject
Project("{FAE04EC0-301F-11D3-BF4B-00C04F79EFBC}") = "Epi.Web.Common", "Epi.Web.Common\Epi.Web.Common.csproj", "{6E2F059B-C1CD-401F-8A63-DC2933CFB0D8}"
EndProject
Project("{FAE04EC0-301F-11D3-BF4B-00C04F79EFBC}") = "Epi.Web.DynamicForms.Core", "Epi.DynamicForms.Core\Epi.Web.DynamicForms.Core.csproj", "{9624E64A-013F-41E8-84BA-C34EE744685E}"
EndProject
Project("{FAE04EC0-301F-11D3-BF4B-00C04F79EFBC}") = "Epi.Web.WCF.SurveyHost", "Epi.Web.WCF.PublishServer\Epi.Web.WCF.SurveyHost.csproj", "{BEFC85E4-F3A3-4108-9575-4EF1A004364E}"
EndProject
Project("{FAE04EC0-301F-11D3-BF4B-00C04F79EFBC}") = "Epi.Web.Test", "Epi.Web.Test\Epi.Web.Test.csproj", "{6F9325C1-4172-455D-9ADC-AC88F36408F6}"
EndProject
Project("{FAE04EC0-301F-11D3-BF4B-00C04F79EFBC}") = "Epi.Web.CheckCodeEngine", "Epi.Web.CheckCodeEngine\Epi.Web.CheckCodeEngine.csproj", "{6B084882-EF4F-4CF0-85B1-1E8C357AE822}"
EndProject
Project("{2150E333-8FDC-42A3-9474-1A3956D46DE8}") = ".nuget", ".nuget", "{13F1AF55-209F-4F63-A9EC-104FB688602D}"
	ProjectSection(SolutionItems) = preProject
		.nuget\NuGet.Config = .nuget\NuGet.Config
		.nuget\NuGet.exe = .nuget\NuGet.exe
		.nuget\NuGet.targets = .nuget\NuGet.targets
	EndProjectSection
EndProject
Project("{FAE04EC0-301F-11D3-BF4B-00C04F79EFBC}") = "Epi.Cloud", "Epi.Cloud\Epi.Cloud.csproj", "{91794FFF-48C0-414F-933E-34412A29EEAC}"
EndProject
Project("{FAE04EC0-301F-11D3-BF4B-00C04F79EFBC}") = "Epi.Core", "Epi.Compatibility\Epi.Core\Epi.Core.csproj", "{EBD2B961-A952-4670-96CA-50BAA12C7F29}"
EndProject
Project("{2150E333-8FDC-42A3-9474-1A3956D46DE8}") = "Epi.Compatibility", "Epi.Compatibility", "{981A998A-AD70-41C0-BD68-FC54AB453921}"
EndProject
Project("{FAE04EC0-301F-11D3-BF4B-00C04F79EFBC}") = "Epi.ImportExport", "Epi.Compatibility\Epi.ImportExort\Epi.ImportExport.csproj", "{4696FF9B-C88A-447D-80F2-C9D1C6A09BA8}"
EndProject
Project("{2150E333-8FDC-42A3-9474-1A3956D46DE8}") = "Documentation", "Documentation", "{83D23736-9927-42F2-9D37-4A20263B4C17}"
	ProjectSection(SolutionItems) = preProject
		..\Documentation\Cloud Enter Conceptual v4.vsd = ..\Documentation\Cloud Enter Conceptual v4.vsd
		..\Documentation\Cloud Enter Conceptual v5.vsd = ..\Documentation\Cloud Enter Conceptual v5.vsd
	EndProjectSection
EndProject
Global
	GlobalSection(SolutionConfigurationPlatforms) = preSolution
		Debug (Exclude EpiMap)|Any CPU = Debug (Exclude EpiMap)|Any CPU
		Debug (Exclude EpiMap)|Mixed Platforms = Debug (Exclude EpiMap)|Mixed Platforms
		Debug (Exclude EpiMap)|x86 = Debug (Exclude EpiMap)|x86
		Debug|Any CPU = Debug|Any CPU
		Debug|Mixed Platforms = Debug|Mixed Platforms
		Debug|x86 = Debug|x86
		Epi.Enter.ServiceApplication|Any CPU = Epi.Enter.ServiceApplication|Any CPU
		Epi.Enter.ServiceApplication|Mixed Platforms = Epi.Enter.ServiceApplication|Mixed Platforms
		Epi.Enter.ServiceApplication|x86 = Epi.Enter.ServiceApplication|x86
		Linux|Any CPU = Linux|Any CPU
		Linux|Mixed Platforms = Linux|Mixed Platforms
		Linux|x86 = Linux|x86
		Release|Any CPU = Release|Any CPU
		Release|Mixed Platforms = Release|Mixed Platforms
		Release|x86 = Release|x86
	EndGlobalSection
	GlobalSection(ProjectConfigurationPlatforms) = postSolution
		{B8AF69BD-3CE1-4AA5-875D-3FB87C7FCE44}.Debug (Exclude EpiMap)|Any CPU.ActiveCfg = Debug|Any CPU
		{B8AF69BD-3CE1-4AA5-875D-3FB87C7FCE44}.Debug (Exclude EpiMap)|Any CPU.Build.0 = Debug|Any CPU
		{B8AF69BD-3CE1-4AA5-875D-3FB87C7FCE44}.Debug (Exclude EpiMap)|Mixed Platforms.ActiveCfg = Debug|Any CPU
		{B8AF69BD-3CE1-4AA5-875D-3FB87C7FCE44}.Debug (Exclude EpiMap)|Mixed Platforms.Build.0 = Debug|Any CPU
		{B8AF69BD-3CE1-4AA5-875D-3FB87C7FCE44}.Debug (Exclude EpiMap)|x86.ActiveCfg = Debug|Any CPU
		{B8AF69BD-3CE1-4AA5-875D-3FB87C7FCE44}.Debug (Exclude EpiMap)|x86.Build.0 = Debug|Any CPU
		{B8AF69BD-3CE1-4AA5-875D-3FB87C7FCE44}.Debug|Any CPU.ActiveCfg = Debug|Any CPU
		{B8AF69BD-3CE1-4AA5-875D-3FB87C7FCE44}.Debug|Any CPU.Build.0 = Debug|Any CPU
		{B8AF69BD-3CE1-4AA5-875D-3FB87C7FCE44}.Debug|Mixed Platforms.ActiveCfg = Debug|Any CPU
		{B8AF69BD-3CE1-4AA5-875D-3FB87C7FCE44}.Debug|Mixed Platforms.Build.0 = Debug|Any CPU
		{B8AF69BD-3CE1-4AA5-875D-3FB87C7FCE44}.Debug|x86.ActiveCfg = Debug|Any CPU
		{B8AF69BD-3CE1-4AA5-875D-3FB87C7FCE44}.Epi.Enter.ServiceApplication|Any CPU.ActiveCfg = Release|Any CPU
		{B8AF69BD-3CE1-4AA5-875D-3FB87C7FCE44}.Epi.Enter.ServiceApplication|Any CPU.Build.0 = Release|Any CPU
		{B8AF69BD-3CE1-4AA5-875D-3FB87C7FCE44}.Epi.Enter.ServiceApplication|Mixed Platforms.ActiveCfg = Release|Any CPU
		{B8AF69BD-3CE1-4AA5-875D-3FB87C7FCE44}.Epi.Enter.ServiceApplication|Mixed Platforms.Build.0 = Release|Any CPU
		{B8AF69BD-3CE1-4AA5-875D-3FB87C7FCE44}.Epi.Enter.ServiceApplication|x86.ActiveCfg = Release|Any CPU
		{B8AF69BD-3CE1-4AA5-875D-3FB87C7FCE44}.Epi.Enter.ServiceApplication|x86.Build.0 = Release|Any CPU
		{B8AF69BD-3CE1-4AA5-875D-3FB87C7FCE44}.Linux|Any CPU.ActiveCfg = Release|Any CPU
		{B8AF69BD-3CE1-4AA5-875D-3FB87C7FCE44}.Linux|Any CPU.Build.0 = Release|Any CPU
		{B8AF69BD-3CE1-4AA5-875D-3FB87C7FCE44}.Linux|Mixed Platforms.ActiveCfg = Release|Any CPU
		{B8AF69BD-3CE1-4AA5-875D-3FB87C7FCE44}.Linux|Mixed Platforms.Build.0 = Release|Any CPU
		{B8AF69BD-3CE1-4AA5-875D-3FB87C7FCE44}.Linux|x86.ActiveCfg = Release|Any CPU
		{B8AF69BD-3CE1-4AA5-875D-3FB87C7FCE44}.Linux|x86.Build.0 = Release|Any CPU
		{B8AF69BD-3CE1-4AA5-875D-3FB87C7FCE44}.Release|Any CPU.ActiveCfg = Release|Any CPU
		{B8AF69BD-3CE1-4AA5-875D-3FB87C7FCE44}.Release|Any CPU.Build.0 = Release|Any CPU
		{B8AF69BD-3CE1-4AA5-875D-3FB87C7FCE44}.Release|Mixed Platforms.ActiveCfg = Release|Any CPU
		{B8AF69BD-3CE1-4AA5-875D-3FB87C7FCE44}.Release|Mixed Platforms.Build.0 = Release|Any CPU
		{B8AF69BD-3CE1-4AA5-875D-3FB87C7FCE44}.Release|x86.ActiveCfg = Release|Any CPU
		{D49B7A21-644B-49D7-9A5D-387BF31EAFE5}.Debug (Exclude EpiMap)|Any CPU.ActiveCfg = Debug|Any CPU
		{D49B7A21-644B-49D7-9A5D-387BF31EAFE5}.Debug (Exclude EpiMap)|Any CPU.Build.0 = Debug|Any CPU
		{D49B7A21-644B-49D7-9A5D-387BF31EAFE5}.Debug (Exclude EpiMap)|Mixed Platforms.ActiveCfg = Debug|Any CPU
		{D49B7A21-644B-49D7-9A5D-387BF31EAFE5}.Debug (Exclude EpiMap)|Mixed Platforms.Build.0 = Debug|Any CPU
		{D49B7A21-644B-49D7-9A5D-387BF31EAFE5}.Debug (Exclude EpiMap)|x86.ActiveCfg = Debug|Any CPU
		{D49B7A21-644B-49D7-9A5D-387BF31EAFE5}.Debug (Exclude EpiMap)|x86.Build.0 = Debug|Any CPU
		{D49B7A21-644B-49D7-9A5D-387BF31EAFE5}.Debug|Any CPU.ActiveCfg = Debug|Any CPU
		{D49B7A21-644B-49D7-9A5D-387BF31EAFE5}.Debug|Any CPU.Build.0 = Debug|Any CPU
		{D49B7A21-644B-49D7-9A5D-387BF31EAFE5}.Debug|Mixed Platforms.ActiveCfg = Debug|Any CPU
		{D49B7A21-644B-49D7-9A5D-387BF31EAFE5}.Debug|Mixed Platforms.Build.0 = Debug|Any CPU
		{D49B7A21-644B-49D7-9A5D-387BF31EAFE5}.Debug|x86.ActiveCfg = Debug|Any CPU
		{D49B7A21-644B-49D7-9A5D-387BF31EAFE5}.Epi.Enter.ServiceApplication|Any CPU.ActiveCfg = Release|Any CPU
		{D49B7A21-644B-49D7-9A5D-387BF31EAFE5}.Epi.Enter.ServiceApplication|Any CPU.Build.0 = Release|Any CPU
		{D49B7A21-644B-49D7-9A5D-387BF31EAFE5}.Epi.Enter.ServiceApplication|Mixed Platforms.ActiveCfg = Release|Any CPU
		{D49B7A21-644B-49D7-9A5D-387BF31EAFE5}.Epi.Enter.ServiceApplication|Mixed Platforms.Build.0 = Release|Any CPU
		{D49B7A21-644B-49D7-9A5D-387BF31EAFE5}.Epi.Enter.ServiceApplication|x86.ActiveCfg = Release|Any CPU
		{D49B7A21-644B-49D7-9A5D-387BF31EAFE5}.Epi.Enter.ServiceApplication|x86.Build.0 = Release|Any CPU
		{D49B7A21-644B-49D7-9A5D-387BF31EAFE5}.Linux|Any CPU.ActiveCfg = Release|Any CPU
		{D49B7A21-644B-49D7-9A5D-387BF31EAFE5}.Linux|Any CPU.Build.0 = Release|Any CPU
		{D49B7A21-644B-49D7-9A5D-387BF31EAFE5}.Linux|Mixed Platforms.ActiveCfg = Release|Any CPU
		{D49B7A21-644B-49D7-9A5D-387BF31EAFE5}.Linux|Mixed Platforms.Build.0 = Release|Any CPU
		{D49B7A21-644B-49D7-9A5D-387BF31EAFE5}.Linux|x86.ActiveCfg = Release|Any CPU
		{D49B7A21-644B-49D7-9A5D-387BF31EAFE5}.Linux|x86.Build.0 = Release|Any CPU
		{D49B7A21-644B-49D7-9A5D-387BF31EAFE5}.Release|Any CPU.ActiveCfg = Release|Any CPU
		{D49B7A21-644B-49D7-9A5D-387BF31EAFE5}.Release|Any CPU.Build.0 = Release|Any CPU
		{D49B7A21-644B-49D7-9A5D-387BF31EAFE5}.Release|Mixed Platforms.ActiveCfg = Release|Any CPU
		{D49B7A21-644B-49D7-9A5D-387BF31EAFE5}.Release|Mixed Platforms.Build.0 = Release|Any CPU
		{D49B7A21-644B-49D7-9A5D-387BF31EAFE5}.Release|x86.ActiveCfg = Release|Any CPU
		{05A484AB-A555-4200-936B-BEC573285BCC}.Debug (Exclude EpiMap)|Any CPU.ActiveCfg = Debug|Any CPU
		{05A484AB-A555-4200-936B-BEC573285BCC}.Debug (Exclude EpiMap)|Any CPU.Build.0 = Debug|Any CPU
		{05A484AB-A555-4200-936B-BEC573285BCC}.Debug (Exclude EpiMap)|Mixed Platforms.ActiveCfg = Debug|Any CPU
		{05A484AB-A555-4200-936B-BEC573285BCC}.Debug (Exclude EpiMap)|Mixed Platforms.Build.0 = Debug|Any CPU
		{05A484AB-A555-4200-936B-BEC573285BCC}.Debug (Exclude EpiMap)|x86.ActiveCfg = Debug|Any CPU
		{05A484AB-A555-4200-936B-BEC573285BCC}.Debug (Exclude EpiMap)|x86.Build.0 = Debug|Any CPU
		{05A484AB-A555-4200-936B-BEC573285BCC}.Debug|Any CPU.ActiveCfg = Debug|Any CPU
		{05A484AB-A555-4200-936B-BEC573285BCC}.Debug|Any CPU.Build.0 = Debug|Any CPU
		{05A484AB-A555-4200-936B-BEC573285BCC}.Debug|Mixed Platforms.ActiveCfg = Debug|Any CPU
		{05A484AB-A555-4200-936B-BEC573285BCC}.Debug|Mixed Platforms.Build.0 = Debug|Any CPU
		{05A484AB-A555-4200-936B-BEC573285BCC}.Debug|x86.ActiveCfg = Debug|Any CPU
		{05A484AB-A555-4200-936B-BEC573285BCC}.Epi.Enter.ServiceApplication|Any CPU.ActiveCfg = Release|Any CPU
		{05A484AB-A555-4200-936B-BEC573285BCC}.Epi.Enter.ServiceApplication|Any CPU.Build.0 = Release|Any CPU
		{05A484AB-A555-4200-936B-BEC573285BCC}.Epi.Enter.ServiceApplication|Mixed Platforms.ActiveCfg = Release|Any CPU
		{05A484AB-A555-4200-936B-BEC573285BCC}.Epi.Enter.ServiceApplication|Mixed Platforms.Build.0 = Release|Any CPU
		{05A484AB-A555-4200-936B-BEC573285BCC}.Epi.Enter.ServiceApplication|x86.ActiveCfg = Release|Any CPU
		{05A484AB-A555-4200-936B-BEC573285BCC}.Epi.Enter.ServiceApplication|x86.Build.0 = Release|Any CPU
		{05A484AB-A555-4200-936B-BEC573285BCC}.Linux|Any CPU.ActiveCfg = Release|Any CPU
		{05A484AB-A555-4200-936B-BEC573285BCC}.Linux|Any CPU.Build.0 = Release|Any CPU
		{05A484AB-A555-4200-936B-BEC573285BCC}.Linux|Mixed Platforms.ActiveCfg = Release|Any CPU
		{05A484AB-A555-4200-936B-BEC573285BCC}.Linux|Mixed Platforms.Build.0 = Release|Any CPU
		{05A484AB-A555-4200-936B-BEC573285BCC}.Linux|x86.ActiveCfg = Release|Any CPU
		{05A484AB-A555-4200-936B-BEC573285BCC}.Linux|x86.Build.0 = Release|Any CPU
		{05A484AB-A555-4200-936B-BEC573285BCC}.Release|Any CPU.ActiveCfg = Release|Any CPU
		{05A484AB-A555-4200-936B-BEC573285BCC}.Release|Any CPU.Build.0 = Release|Any CPU
		{05A484AB-A555-4200-936B-BEC573285BCC}.Release|Mixed Platforms.ActiveCfg = Release|Any CPU
		{05A484AB-A555-4200-936B-BEC573285BCC}.Release|Mixed Platforms.Build.0 = Release|Any CPU
		{05A484AB-A555-4200-936B-BEC573285BCC}.Release|x86.ActiveCfg = Release|Any CPU
		{31F91938-2997-4650-8D36-71C845F1071D}.Debug (Exclude EpiMap)|Any CPU.ActiveCfg = Debug|Any CPU
		{31F91938-2997-4650-8D36-71C845F1071D}.Debug (Exclude EpiMap)|Any CPU.Build.0 = Debug|Any CPU
		{31F91938-2997-4650-8D36-71C845F1071D}.Debug (Exclude EpiMap)|Mixed Platforms.ActiveCfg = Debug|Any CPU
		{31F91938-2997-4650-8D36-71C845F1071D}.Debug (Exclude EpiMap)|Mixed Platforms.Build.0 = Debug|Any CPU
		{31F91938-2997-4650-8D36-71C845F1071D}.Debug (Exclude EpiMap)|x86.ActiveCfg = Debug|Any CPU
		{31F91938-2997-4650-8D36-71C845F1071D}.Debug (Exclude EpiMap)|x86.Build.0 = Debug|Any CPU
		{31F91938-2997-4650-8D36-71C845F1071D}.Debug|Any CPU.ActiveCfg = Debug|Any CPU
		{31F91938-2997-4650-8D36-71C845F1071D}.Debug|Any CPU.Build.0 = Debug|Any CPU
		{31F91938-2997-4650-8D36-71C845F1071D}.Debug|Mixed Platforms.ActiveCfg = Debug|Any CPU
		{31F91938-2997-4650-8D36-71C845F1071D}.Debug|Mixed Platforms.Build.0 = Debug|Any CPU
		{31F91938-2997-4650-8D36-71C845F1071D}.Debug|x86.ActiveCfg = Debug|Any CPU
		{31F91938-2997-4650-8D36-71C845F1071D}.Epi.Enter.ServiceApplication|Any CPU.ActiveCfg = Release|Any CPU
		{31F91938-2997-4650-8D36-71C845F1071D}.Epi.Enter.ServiceApplication|Any CPU.Build.0 = Release|Any CPU
		{31F91938-2997-4650-8D36-71C845F1071D}.Epi.Enter.ServiceApplication|Mixed Platforms.ActiveCfg = Release|Any CPU
		{31F91938-2997-4650-8D36-71C845F1071D}.Epi.Enter.ServiceApplication|Mixed Platforms.Build.0 = Release|Any CPU
		{31F91938-2997-4650-8D36-71C845F1071D}.Epi.Enter.ServiceApplication|x86.ActiveCfg = Release|Any CPU
		{31F91938-2997-4650-8D36-71C845F1071D}.Epi.Enter.ServiceApplication|x86.Build.0 = Release|Any CPU
		{31F91938-2997-4650-8D36-71C845F1071D}.Linux|Any CPU.ActiveCfg = Release|Any CPU
		{31F91938-2997-4650-8D36-71C845F1071D}.Linux|Any CPU.Build.0 = Release|Any CPU
		{31F91938-2997-4650-8D36-71C845F1071D}.Linux|Mixed Platforms.ActiveCfg = Release|Any CPU
		{31F91938-2997-4650-8D36-71C845F1071D}.Linux|Mixed Platforms.Build.0 = Release|Any CPU
		{31F91938-2997-4650-8D36-71C845F1071D}.Linux|x86.ActiveCfg = Release|Any CPU
		{31F91938-2997-4650-8D36-71C845F1071D}.Linux|x86.Build.0 = Release|Any CPU
		{31F91938-2997-4650-8D36-71C845F1071D}.Release|Any CPU.ActiveCfg = Release|Any CPU
		{31F91938-2997-4650-8D36-71C845F1071D}.Release|Any CPU.Build.0 = Release|Any CPU
		{31F91938-2997-4650-8D36-71C845F1071D}.Release|Mixed Platforms.ActiveCfg = Release|Any CPU
		{31F91938-2997-4650-8D36-71C845F1071D}.Release|Mixed Platforms.Build.0 = Release|Any CPU
		{31F91938-2997-4650-8D36-71C845F1071D}.Release|x86.ActiveCfg = Release|Any CPU
		{13D8FD8D-1403-4C84-823A-1E27806CAC30}.Debug (Exclude EpiMap)|Any CPU.ActiveCfg = Release|x86
		{13D8FD8D-1403-4C84-823A-1E27806CAC30}.Debug (Exclude EpiMap)|Any CPU.Build.0 = Release|x86
		{13D8FD8D-1403-4C84-823A-1E27806CAC30}.Debug (Exclude EpiMap)|Mixed Platforms.ActiveCfg = Debug|x86
		{13D8FD8D-1403-4C84-823A-1E27806CAC30}.Debug (Exclude EpiMap)|Mixed Platforms.Build.0 = Debug|x86
		{13D8FD8D-1403-4C84-823A-1E27806CAC30}.Debug (Exclude EpiMap)|x86.ActiveCfg = Debug|x86
		{13D8FD8D-1403-4C84-823A-1E27806CAC30}.Debug (Exclude EpiMap)|x86.Build.0 = Debug|x86
		{13D8FD8D-1403-4C84-823A-1E27806CAC30}.Debug|Any CPU.ActiveCfg = Debug|x86
		{13D8FD8D-1403-4C84-823A-1E27806CAC30}.Debug|Mixed Platforms.ActiveCfg = Debug|x86
		{13D8FD8D-1403-4C84-823A-1E27806CAC30}.Debug|Mixed Platforms.Build.0 = Debug|x86
		{13D8FD8D-1403-4C84-823A-1E27806CAC30}.Debug|x86.ActiveCfg = Debug|x86
		{13D8FD8D-1403-4C84-823A-1E27806CAC30}.Debug|x86.Build.0 = Debug|x86
		{13D8FD8D-1403-4C84-823A-1E27806CAC30}.Epi.Enter.ServiceApplication|Any CPU.ActiveCfg = Release|x86
		{13D8FD8D-1403-4C84-823A-1E27806CAC30}.Epi.Enter.ServiceApplication|Any CPU.Build.0 = Release|x86
		{13D8FD8D-1403-4C84-823A-1E27806CAC30}.Epi.Enter.ServiceApplication|Mixed Platforms.ActiveCfg = Release|x86
		{13D8FD8D-1403-4C84-823A-1E27806CAC30}.Epi.Enter.ServiceApplication|Mixed Platforms.Build.0 = Release|x86
		{13D8FD8D-1403-4C84-823A-1E27806CAC30}.Epi.Enter.ServiceApplication|x86.ActiveCfg = Release|x86
		{13D8FD8D-1403-4C84-823A-1E27806CAC30}.Epi.Enter.ServiceApplication|x86.Build.0 = Release|x86
		{13D8FD8D-1403-4C84-823A-1E27806CAC30}.Linux|Any CPU.ActiveCfg = Release|x86
		{13D8FD8D-1403-4C84-823A-1E27806CAC30}.Linux|Any CPU.Build.0 = Release|x86
		{13D8FD8D-1403-4C84-823A-1E27806CAC30}.Linux|Mixed Platforms.ActiveCfg = Release|x86
		{13D8FD8D-1403-4C84-823A-1E27806CAC30}.Linux|Mixed Platforms.Build.0 = Release|x86
		{13D8FD8D-1403-4C84-823A-1E27806CAC30}.Linux|x86.ActiveCfg = Release|x86
		{13D8FD8D-1403-4C84-823A-1E27806CAC30}.Linux|x86.Build.0 = Release|x86
		{13D8FD8D-1403-4C84-823A-1E27806CAC30}.Release|Any CPU.ActiveCfg = Release|x86
		{13D8FD8D-1403-4C84-823A-1E27806CAC30}.Release|Mixed Platforms.ActiveCfg = Release|x86
		{13D8FD8D-1403-4C84-823A-1E27806CAC30}.Release|Mixed Platforms.Build.0 = Release|x86
		{13D8FD8D-1403-4C84-823A-1E27806CAC30}.Release|x86.ActiveCfg = Release|x86
		{13D8FD8D-1403-4C84-823A-1E27806CAC30}.Release|x86.Build.0 = Release|x86
		{163A960D-721D-4C43-B4D9-66522FFA3BAE}.Debug (Exclude EpiMap)|Any CPU.ActiveCfg = Debug|Any CPU
		{163A960D-721D-4C43-B4D9-66522FFA3BAE}.Debug (Exclude EpiMap)|Any CPU.Build.0 = Debug|Any CPU
		{163A960D-721D-4C43-B4D9-66522FFA3BAE}.Debug (Exclude EpiMap)|Mixed Platforms.ActiveCfg = Debug|Any CPU
		{163A960D-721D-4C43-B4D9-66522FFA3BAE}.Debug (Exclude EpiMap)|Mixed Platforms.Build.0 = Debug|Any CPU
		{163A960D-721D-4C43-B4D9-66522FFA3BAE}.Debug (Exclude EpiMap)|x86.ActiveCfg = Debug|Any CPU
		{163A960D-721D-4C43-B4D9-66522FFA3BAE}.Debug (Exclude EpiMap)|x86.Build.0 = Debug|Any CPU
		{163A960D-721D-4C43-B4D9-66522FFA3BAE}.Debug|Any CPU.ActiveCfg = Debug|Any CPU
		{163A960D-721D-4C43-B4D9-66522FFA3BAE}.Debug|Mixed Platforms.ActiveCfg = Debug|Any CPU
		{163A960D-721D-4C43-B4D9-66522FFA3BAE}.Debug|x86.ActiveCfg = Debug|Any CPU
		{163A960D-721D-4C43-B4D9-66522FFA3BAE}.Epi.Enter.ServiceApplication|Any CPU.ActiveCfg = Release|Any CPU
		{163A960D-721D-4C43-B4D9-66522FFA3BAE}.Epi.Enter.ServiceApplication|Any CPU.Build.0 = Release|Any CPU
		{163A960D-721D-4C43-B4D9-66522FFA3BAE}.Epi.Enter.ServiceApplication|Mixed Platforms.ActiveCfg = Release|Any CPU
		{163A960D-721D-4C43-B4D9-66522FFA3BAE}.Epi.Enter.ServiceApplication|Mixed Platforms.Build.0 = Release|Any CPU
		{163A960D-721D-4C43-B4D9-66522FFA3BAE}.Epi.Enter.ServiceApplication|x86.ActiveCfg = Release|Any CPU
		{163A960D-721D-4C43-B4D9-66522FFA3BAE}.Epi.Enter.ServiceApplication|x86.Build.0 = Release|Any CPU
		{163A960D-721D-4C43-B4D9-66522FFA3BAE}.Linux|Any CPU.ActiveCfg = Release|Any CPU
		{163A960D-721D-4C43-B4D9-66522FFA3BAE}.Linux|Any CPU.Build.0 = Release|Any CPU
		{163A960D-721D-4C43-B4D9-66522FFA3BAE}.Linux|Mixed Platforms.ActiveCfg = Release|Any CPU
		{163A960D-721D-4C43-B4D9-66522FFA3BAE}.Linux|Mixed Platforms.Build.0 = Release|Any CPU
		{163A960D-721D-4C43-B4D9-66522FFA3BAE}.Linux|x86.ActiveCfg = Release|Any CPU
		{163A960D-721D-4C43-B4D9-66522FFA3BAE}.Linux|x86.Build.0 = Release|Any CPU
		{163A960D-721D-4C43-B4D9-66522FFA3BAE}.Release|Any CPU.ActiveCfg = Release|Any CPU
		{163A960D-721D-4C43-B4D9-66522FFA3BAE}.Release|Mixed Platforms.ActiveCfg = Release|Any CPU
		{163A960D-721D-4C43-B4D9-66522FFA3BAE}.Release|x86.ActiveCfg = Release|Any CPU
		{6E2F059B-C1CD-401F-8A63-DC2933CFB0D8}.Debug (Exclude EpiMap)|Any CPU.ActiveCfg = Debug|Any CPU
		{6E2F059B-C1CD-401F-8A63-DC2933CFB0D8}.Debug (Exclude EpiMap)|Any CPU.Build.0 = Debug|Any CPU
		{6E2F059B-C1CD-401F-8A63-DC2933CFB0D8}.Debug (Exclude EpiMap)|Mixed Platforms.ActiveCfg = Debug|Any CPU
		{6E2F059B-C1CD-401F-8A63-DC2933CFB0D8}.Debug (Exclude EpiMap)|Mixed Platforms.Build.0 = Debug|Any CPU
		{6E2F059B-C1CD-401F-8A63-DC2933CFB0D8}.Debug (Exclude EpiMap)|x86.ActiveCfg = Debug|Any CPU
		{6E2F059B-C1CD-401F-8A63-DC2933CFB0D8}.Debug (Exclude EpiMap)|x86.Build.0 = Debug|Any CPU
		{6E2F059B-C1CD-401F-8A63-DC2933CFB0D8}.Debug|Any CPU.ActiveCfg = Debug|Any CPU
		{6E2F059B-C1CD-401F-8A63-DC2933CFB0D8}.Debug|Any CPU.Build.0 = Debug|Any CPU
		{6E2F059B-C1CD-401F-8A63-DC2933CFB0D8}.Debug|Mixed Platforms.ActiveCfg = Debug|Any CPU
		{6E2F059B-C1CD-401F-8A63-DC2933CFB0D8}.Debug|Mixed Platforms.Build.0 = Debug|Any CPU
		{6E2F059B-C1CD-401F-8A63-DC2933CFB0D8}.Debug|x86.ActiveCfg = Debug|Any CPU
		{6E2F059B-C1CD-401F-8A63-DC2933CFB0D8}.Epi.Enter.ServiceApplication|Any CPU.ActiveCfg = Release|Any CPU
		{6E2F059B-C1CD-401F-8A63-DC2933CFB0D8}.Epi.Enter.ServiceApplication|Any CPU.Build.0 = Release|Any CPU
		{6E2F059B-C1CD-401F-8A63-DC2933CFB0D8}.Epi.Enter.ServiceApplication|Mixed Platforms.ActiveCfg = Release|Any CPU
		{6E2F059B-C1CD-401F-8A63-DC2933CFB0D8}.Epi.Enter.ServiceApplication|Mixed Platforms.Build.0 = Release|Any CPU
		{6E2F059B-C1CD-401F-8A63-DC2933CFB0D8}.Epi.Enter.ServiceApplication|x86.ActiveCfg = Release|Any CPU
		{6E2F059B-C1CD-401F-8A63-DC2933CFB0D8}.Epi.Enter.ServiceApplication|x86.Build.0 = Release|Any CPU
		{6E2F059B-C1CD-401F-8A63-DC2933CFB0D8}.Linux|Any CPU.ActiveCfg = Release|Any CPU
		{6E2F059B-C1CD-401F-8A63-DC2933CFB0D8}.Linux|Any CPU.Build.0 = Release|Any CPU
		{6E2F059B-C1CD-401F-8A63-DC2933CFB0D8}.Linux|Mixed Platforms.ActiveCfg = Release|Any CPU
		{6E2F059B-C1CD-401F-8A63-DC2933CFB0D8}.Linux|Mixed Platforms.Build.0 = Release|Any CPU
		{6E2F059B-C1CD-401F-8A63-DC2933CFB0D8}.Linux|x86.ActiveCfg = Release|Any CPU
		{6E2F059B-C1CD-401F-8A63-DC2933CFB0D8}.Linux|x86.Build.0 = Release|Any CPU
		{6E2F059B-C1CD-401F-8A63-DC2933CFB0D8}.Release|Any CPU.ActiveCfg = Release|Any CPU
		{6E2F059B-C1CD-401F-8A63-DC2933CFB0D8}.Release|Any CPU.Build.0 = Release|Any CPU
		{6E2F059B-C1CD-401F-8A63-DC2933CFB0D8}.Release|Mixed Platforms.ActiveCfg = Release|Any CPU
		{6E2F059B-C1CD-401F-8A63-DC2933CFB0D8}.Release|Mixed Platforms.Build.0 = Release|Any CPU
		{6E2F059B-C1CD-401F-8A63-DC2933CFB0D8}.Release|x86.ActiveCfg = Release|Any CPU
		{9624E64A-013F-41E8-84BA-C34EE744685E}.Debug (Exclude EpiMap)|Any CPU.ActiveCfg = Debug|Any CPU
		{9624E64A-013F-41E8-84BA-C34EE744685E}.Debug (Exclude EpiMap)|Any CPU.Build.0 = Debug|Any CPU
		{9624E64A-013F-41E8-84BA-C34EE744685E}.Debug (Exclude EpiMap)|Mixed Platforms.ActiveCfg = Debug|Any CPU
		{9624E64A-013F-41E8-84BA-C34EE744685E}.Debug (Exclude EpiMap)|Mixed Platforms.Build.0 = Debug|Any CPU
		{9624E64A-013F-41E8-84BA-C34EE744685E}.Debug (Exclude EpiMap)|x86.ActiveCfg = Debug|Any CPU
		{9624E64A-013F-41E8-84BA-C34EE744685E}.Debug (Exclude EpiMap)|x86.Build.0 = Debug|Any CPU
		{9624E64A-013F-41E8-84BA-C34EE744685E}.Debug|Any CPU.ActiveCfg = Debug|Any CPU
		{9624E64A-013F-41E8-84BA-C34EE744685E}.Debug|Any CPU.Build.0 = Debug|Any CPU
		{9624E64A-013F-41E8-84BA-C34EE744685E}.Debug|Mixed Platforms.ActiveCfg = Debug|Any CPU
		{9624E64A-013F-41E8-84BA-C34EE744685E}.Debug|Mixed Platforms.Build.0 = Debug|Any CPU
		{9624E64A-013F-41E8-84BA-C34EE744685E}.Debug|x86.ActiveCfg = Debug|Any CPU
		{9624E64A-013F-41E8-84BA-C34EE744685E}.Epi.Enter.ServiceApplication|Any CPU.ActiveCfg = Release|Any CPU
		{9624E64A-013F-41E8-84BA-C34EE744685E}.Epi.Enter.ServiceApplication|Any CPU.Build.0 = Release|Any CPU
		{9624E64A-013F-41E8-84BA-C34EE744685E}.Epi.Enter.ServiceApplication|Mixed Platforms.ActiveCfg = Release|Any CPU
		{9624E64A-013F-41E8-84BA-C34EE744685E}.Epi.Enter.ServiceApplication|Mixed Platforms.Build.0 = Release|Any CPU
		{9624E64A-013F-41E8-84BA-C34EE744685E}.Epi.Enter.ServiceApplication|x86.ActiveCfg = Release|Any CPU
		{9624E64A-013F-41E8-84BA-C34EE744685E}.Epi.Enter.ServiceApplication|x86.Build.0 = Release|Any CPU
		{9624E64A-013F-41E8-84BA-C34EE744685E}.Linux|Any CPU.ActiveCfg = Release|Any CPU
		{9624E64A-013F-41E8-84BA-C34EE744685E}.Linux|Any CPU.Build.0 = Release|Any CPU
		{9624E64A-013F-41E8-84BA-C34EE744685E}.Linux|Mixed Platforms.ActiveCfg = Release|Any CPU
		{9624E64A-013F-41E8-84BA-C34EE744685E}.Linux|Mixed Platforms.Build.0 = Release|Any CPU
		{9624E64A-013F-41E8-84BA-C34EE744685E}.Linux|x86.ActiveCfg = Release|Any CPU
		{9624E64A-013F-41E8-84BA-C34EE744685E}.Linux|x86.Build.0 = Release|Any CPU
		{9624E64A-013F-41E8-84BA-C34EE744685E}.Release|Any CPU.ActiveCfg = Release|Any CPU
		{9624E64A-013F-41E8-84BA-C34EE744685E}.Release|Any CPU.Build.0 = Release|Any CPU
		{9624E64A-013F-41E8-84BA-C34EE744685E}.Release|Mixed Platforms.ActiveCfg = Release|Any CPU
		{9624E64A-013F-41E8-84BA-C34EE744685E}.Release|Mixed Platforms.Build.0 = Release|Any CPU
		{9624E64A-013F-41E8-84BA-C34EE744685E}.Release|x86.ActiveCfg = Release|Any CPU
		{BEFC85E4-F3A3-4108-9575-4EF1A004364E}.Debug (Exclude EpiMap)|Any CPU.ActiveCfg = Debug|Any CPU
		{BEFC85E4-F3A3-4108-9575-4EF1A004364E}.Debug (Exclude EpiMap)|Any CPU.Build.0 = Debug|Any CPU
		{BEFC85E4-F3A3-4108-9575-4EF1A004364E}.Debug (Exclude EpiMap)|Mixed Platforms.ActiveCfg = Debug|Any CPU
		{BEFC85E4-F3A3-4108-9575-4EF1A004364E}.Debug (Exclude EpiMap)|Mixed Platforms.Build.0 = Debug|Any CPU
		{BEFC85E4-F3A3-4108-9575-4EF1A004364E}.Debug (Exclude EpiMap)|x86.ActiveCfg = Debug|Any CPU
		{BEFC85E4-F3A3-4108-9575-4EF1A004364E}.Debug (Exclude EpiMap)|x86.Build.0 = Debug|Any CPU
		{BEFC85E4-F3A3-4108-9575-4EF1A004364E}.Debug|Any CPU.ActiveCfg = Debug|Any CPU
		{BEFC85E4-F3A3-4108-9575-4EF1A004364E}.Debug|Any CPU.Build.0 = Debug|Any CPU
		{BEFC85E4-F3A3-4108-9575-4EF1A004364E}.Debug|Mixed Platforms.ActiveCfg = Debug|Any CPU
		{BEFC85E4-F3A3-4108-9575-4EF1A004364E}.Debug|Mixed Platforms.Build.0 = Debug|Any CPU
		{BEFC85E4-F3A3-4108-9575-4EF1A004364E}.Debug|x86.ActiveCfg = Debug|Any CPU
		{BEFC85E4-F3A3-4108-9575-4EF1A004364E}.Epi.Enter.ServiceApplication|Any CPU.ActiveCfg = Release|Any CPU
		{BEFC85E4-F3A3-4108-9575-4EF1A004364E}.Epi.Enter.ServiceApplication|Any CPU.Build.0 = Release|Any CPU
		{BEFC85E4-F3A3-4108-9575-4EF1A004364E}.Epi.Enter.ServiceApplication|Mixed Platforms.ActiveCfg = Release|Any CPU
		{BEFC85E4-F3A3-4108-9575-4EF1A004364E}.Epi.Enter.ServiceApplication|Mixed Platforms.Build.0 = Release|Any CPU
		{BEFC85E4-F3A3-4108-9575-4EF1A004364E}.Epi.Enter.ServiceApplication|x86.ActiveCfg = Release|Any CPU
		{BEFC85E4-F3A3-4108-9575-4EF1A004364E}.Epi.Enter.ServiceApplication|x86.Build.0 = Release|Any CPU
		{BEFC85E4-F3A3-4108-9575-4EF1A004364E}.Linux|Any CPU.ActiveCfg = Release|Any CPU
		{BEFC85E4-F3A3-4108-9575-4EF1A004364E}.Linux|Any CPU.Build.0 = Release|Any CPU
		{BEFC85E4-F3A3-4108-9575-4EF1A004364E}.Linux|Mixed Platforms.ActiveCfg = Release|Any CPU
		{BEFC85E4-F3A3-4108-9575-4EF1A004364E}.Linux|Mixed Platforms.Build.0 = Release|Any CPU
		{BEFC85E4-F3A3-4108-9575-4EF1A004364E}.Linux|x86.ActiveCfg = Release|Any CPU
		{BEFC85E4-F3A3-4108-9575-4EF1A004364E}.Linux|x86.Build.0 = Release|Any CPU
		{BEFC85E4-F3A3-4108-9575-4EF1A004364E}.Release|Any CPU.ActiveCfg = Release|Any CPU
		{BEFC85E4-F3A3-4108-9575-4EF1A004364E}.Release|Any CPU.Build.0 = Release|Any CPU
		{BEFC85E4-F3A3-4108-9575-4EF1A004364E}.Release|Mixed Platforms.ActiveCfg = Release|Any CPU
		{BEFC85E4-F3A3-4108-9575-4EF1A004364E}.Release|Mixed Platforms.Build.0 = Release|Any CPU
		{BEFC85E4-F3A3-4108-9575-4EF1A004364E}.Release|x86.ActiveCfg = Release|Any CPU
		{6F9325C1-4172-455D-9ADC-AC88F36408F6}.Debug (Exclude EpiMap)|Any CPU.ActiveCfg = Debug|Any CPU
		{6F9325C1-4172-455D-9ADC-AC88F36408F6}.Debug (Exclude EpiMap)|Any CPU.Build.0 = Debug|Any CPU
		{6F9325C1-4172-455D-9ADC-AC88F36408F6}.Debug (Exclude EpiMap)|Mixed Platforms.ActiveCfg = Debug|Any CPU
		{6F9325C1-4172-455D-9ADC-AC88F36408F6}.Debug (Exclude EpiMap)|Mixed Platforms.Build.0 = Debug|Any CPU
		{6F9325C1-4172-455D-9ADC-AC88F36408F6}.Debug (Exclude EpiMap)|x86.ActiveCfg = Debug|Any CPU
		{6F9325C1-4172-455D-9ADC-AC88F36408F6}.Debug (Exclude EpiMap)|x86.Build.0 = Debug|Any CPU
		{6F9325C1-4172-455D-9ADC-AC88F36408F6}.Debug|Any CPU.ActiveCfg = Debug|Any CPU
		{6F9325C1-4172-455D-9ADC-AC88F36408F6}.Debug|Mixed Platforms.ActiveCfg = Debug|Any CPU
		{6F9325C1-4172-455D-9ADC-AC88F36408F6}.Debug|x86.ActiveCfg = Debug|Any CPU
		{6F9325C1-4172-455D-9ADC-AC88F36408F6}.Epi.Enter.ServiceApplication|Any CPU.ActiveCfg = Release|Any CPU
		{6F9325C1-4172-455D-9ADC-AC88F36408F6}.Epi.Enter.ServiceApplication|Any CPU.Build.0 = Release|Any CPU
		{6F9325C1-4172-455D-9ADC-AC88F36408F6}.Epi.Enter.ServiceApplication|Mixed Platforms.ActiveCfg = Release|Any CPU
		{6F9325C1-4172-455D-9ADC-AC88F36408F6}.Epi.Enter.ServiceApplication|Mixed Platforms.Build.0 = Release|Any CPU
		{6F9325C1-4172-455D-9ADC-AC88F36408F6}.Epi.Enter.ServiceApplication|x86.ActiveCfg = Release|Any CPU
		{6F9325C1-4172-455D-9ADC-AC88F36408F6}.Epi.Enter.ServiceApplication|x86.Build.0 = Release|Any CPU
		{6F9325C1-4172-455D-9ADC-AC88F36408F6}.Linux|Any CPU.ActiveCfg = Release|Any CPU
		{6F9325C1-4172-455D-9ADC-AC88F36408F6}.Linux|Any CPU.Build.0 = Release|Any CPU
		{6F9325C1-4172-455D-9ADC-AC88F36408F6}.Linux|Mixed Platforms.ActiveCfg = Release|Any CPU
		{6F9325C1-4172-455D-9ADC-AC88F36408F6}.Linux|Mixed Platforms.Build.0 = Release|Any CPU
		{6F9325C1-4172-455D-9ADC-AC88F36408F6}.Linux|x86.ActiveCfg = Release|Any CPU
		{6F9325C1-4172-455D-9ADC-AC88F36408F6}.Linux|x86.Build.0 = Release|Any CPU
		{6F9325C1-4172-455D-9ADC-AC88F36408F6}.Release|Any CPU.ActiveCfg = Release|Any CPU
		{6F9325C1-4172-455D-9ADC-AC88F36408F6}.Release|Mixed Platforms.ActiveCfg = Release|Any CPU
		{6F9325C1-4172-455D-9ADC-AC88F36408F6}.Release|x86.ActiveCfg = Release|Any CPU
		{6B084882-EF4F-4CF0-85B1-1E8C357AE822}.Debug (Exclude EpiMap)|Any CPU.ActiveCfg = Debug|Any CPU
		{6B084882-EF4F-4CF0-85B1-1E8C357AE822}.Debug (Exclude EpiMap)|Any CPU.Build.0 = Debug|Any CPU
		{6B084882-EF4F-4CF0-85B1-1E8C357AE822}.Debug (Exclude EpiMap)|Mixed Platforms.ActiveCfg = Debug|Any CPU
		{6B084882-EF4F-4CF0-85B1-1E8C357AE822}.Debug (Exclude EpiMap)|Mixed Platforms.Build.0 = Debug|Any CPU
		{6B084882-EF4F-4CF0-85B1-1E8C357AE822}.Debug (Exclude EpiMap)|x86.ActiveCfg = Debug|Any CPU
		{6B084882-EF4F-4CF0-85B1-1E8C357AE822}.Debug (Exclude EpiMap)|x86.Build.0 = Debug|Any CPU
		{6B084882-EF4F-4CF0-85B1-1E8C357AE822}.Debug|Any CPU.ActiveCfg = Debug|Any CPU
		{6B084882-EF4F-4CF0-85B1-1E8C357AE822}.Debug|Any CPU.Build.0 = Debug|Any CPU
		{6B084882-EF4F-4CF0-85B1-1E8C357AE822}.Debug|Mixed Platforms.ActiveCfg = Debug|Any CPU
		{6B084882-EF4F-4CF0-85B1-1E8C357AE822}.Debug|Mixed Platforms.Build.0 = Debug|Any CPU
		{6B084882-EF4F-4CF0-85B1-1E8C357AE822}.Debug|x86.ActiveCfg = Debug|Any CPU
		{6B084882-EF4F-4CF0-85B1-1E8C357AE822}.Epi.Enter.ServiceApplication|Any CPU.ActiveCfg = Release|Any CPU
		{6B084882-EF4F-4CF0-85B1-1E8C357AE822}.Epi.Enter.ServiceApplication|Any CPU.Build.0 = Release|Any CPU
		{6B084882-EF4F-4CF0-85B1-1E8C357AE822}.Epi.Enter.ServiceApplication|Mixed Platforms.ActiveCfg = Release|Any CPU
		{6B084882-EF4F-4CF0-85B1-1E8C357AE822}.Epi.Enter.ServiceApplication|Mixed Platforms.Build.0 = Release|Any CPU
		{6B084882-EF4F-4CF0-85B1-1E8C357AE822}.Epi.Enter.ServiceApplication|x86.ActiveCfg = Release|Any CPU
		{6B084882-EF4F-4CF0-85B1-1E8C357AE822}.Epi.Enter.ServiceApplication|x86.Build.0 = Release|Any CPU
		{6B084882-EF4F-4CF0-85B1-1E8C357AE822}.Linux|Any CPU.ActiveCfg = Release|Any CPU
		{6B084882-EF4F-4CF0-85B1-1E8C357AE822}.Linux|Any CPU.Build.0 = Release|Any CPU
		{6B084882-EF4F-4CF0-85B1-1E8C357AE822}.Linux|Mixed Platforms.ActiveCfg = Release|Any CPU
		{6B084882-EF4F-4CF0-85B1-1E8C357AE822}.Linux|Mixed Platforms.Build.0 = Release|Any CPU
		{6B084882-EF4F-4CF0-85B1-1E8C357AE822}.Linux|x86.ActiveCfg = Release|Any CPU
		{6B084882-EF4F-4CF0-85B1-1E8C357AE822}.Linux|x86.Build.0 = Release|Any CPU
		{6B084882-EF4F-4CF0-85B1-1E8C357AE822}.Release|Any CPU.ActiveCfg = Release|Any CPU
		{6B084882-EF4F-4CF0-85B1-1E8C357AE822}.Release|Any CPU.Build.0 = Release|Any CPU
		{6B084882-EF4F-4CF0-85B1-1E8C357AE822}.Release|Mixed Platforms.ActiveCfg = Release|Any CPU
		{6B084882-EF4F-4CF0-85B1-1E8C357AE822}.Release|Mixed Platforms.Build.0 = Release|Any CPU
		{6B084882-EF4F-4CF0-85B1-1E8C357AE822}.Release|x86.ActiveCfg = Release|Any CPU
		{91794FFF-48C0-414F-933E-34412A29EEAC}.Debug (Exclude EpiMap)|Any CPU.ActiveCfg = Debug|Any CPU
		{91794FFF-48C0-414F-933E-34412A29EEAC}.Debug (Exclude EpiMap)|Any CPU.Build.0 = Debug|Any CPU
		{91794FFF-48C0-414F-933E-34412A29EEAC}.Debug (Exclude EpiMap)|Mixed Platforms.ActiveCfg = Debug|Any CPU
		{91794FFF-48C0-414F-933E-34412A29EEAC}.Debug (Exclude EpiMap)|Mixed Platforms.Build.0 = Debug|Any CPU
		{91794FFF-48C0-414F-933E-34412A29EEAC}.Debug (Exclude EpiMap)|x86.ActiveCfg = Debug|Any CPU
		{91794FFF-48C0-414F-933E-34412A29EEAC}.Debug (Exclude EpiMap)|x86.Build.0 = Debug|Any CPU
		{91794FFF-48C0-414F-933E-34412A29EEAC}.Debug|Any CPU.ActiveCfg = Debug|Any CPU
		{91794FFF-48C0-414F-933E-34412A29EEAC}.Debug|Any CPU.Build.0 = Debug|Any CPU
		{91794FFF-48C0-414F-933E-34412A29EEAC}.Debug|Mixed Platforms.ActiveCfg = Debug|Any CPU
		{91794FFF-48C0-414F-933E-34412A29EEAC}.Debug|Mixed Platforms.Build.0 = Debug|Any CPU
		{91794FFF-48C0-414F-933E-34412A29EEAC}.Debug|x86.ActiveCfg = Debug|Any CPU
		{91794FFF-48C0-414F-933E-34412A29EEAC}.Debug|x86.Build.0 = Debug|Any CPU
		{91794FFF-48C0-414F-933E-34412A29EEAC}.Epi.Enter.ServiceApplication|Any CPU.ActiveCfg = Release|Any CPU
		{91794FFF-48C0-414F-933E-34412A29EEAC}.Epi.Enter.ServiceApplication|Any CPU.Build.0 = Release|Any CPU
		{91794FFF-48C0-414F-933E-34412A29EEAC}.Epi.Enter.ServiceApplication|Mixed Platforms.ActiveCfg = Release|Any CPU
		{91794FFF-48C0-414F-933E-34412A29EEAC}.Epi.Enter.ServiceApplication|Mixed Platforms.Build.0 = Release|Any CPU
		{91794FFF-48C0-414F-933E-34412A29EEAC}.Epi.Enter.ServiceApplication|x86.ActiveCfg = Release|Any CPU
		{91794FFF-48C0-414F-933E-34412A29EEAC}.Epi.Enter.ServiceApplication|x86.Build.0 = Release|Any CPU
		{91794FFF-48C0-414F-933E-34412A29EEAC}.Linux|Any CPU.ActiveCfg = Release|Any CPU
		{91794FFF-48C0-414F-933E-34412A29EEAC}.Linux|Any CPU.Build.0 = Release|Any CPU
		{91794FFF-48C0-414F-933E-34412A29EEAC}.Linux|Mixed Platforms.ActiveCfg = Release|Any CPU
		{91794FFF-48C0-414F-933E-34412A29EEAC}.Linux|Mixed Platforms.Build.0 = Release|Any CPU
		{91794FFF-48C0-414F-933E-34412A29EEAC}.Linux|x86.ActiveCfg = Release|Any CPU
		{91794FFF-48C0-414F-933E-34412A29EEAC}.Linux|x86.Build.0 = Release|Any CPU
		{91794FFF-48C0-414F-933E-34412A29EEAC}.Release|Any CPU.ActiveCfg = Release|Any CPU
		{91794FFF-48C0-414F-933E-34412A29EEAC}.Release|Any CPU.Build.0 = Release|Any CPU
		{91794FFF-48C0-414F-933E-34412A29EEAC}.Release|Mixed Platforms.ActiveCfg = Release|Any CPU
		{91794FFF-48C0-414F-933E-34412A29EEAC}.Release|Mixed Platforms.Build.0 = Release|Any CPU
		{91794FFF-48C0-414F-933E-34412A29EEAC}.Release|x86.ActiveCfg = Release|Any CPU
		{91794FFF-48C0-414F-933E-34412A29EEAC}.Release|x86.Build.0 = Release|Any CPU
		{EBD2B961-A952-4670-96CA-50BAA12C7F29}.Debug (Exclude EpiMap)|Any CPU.ActiveCfg = Debug (Exclude EpiMap)|Any CPU
		{EBD2B961-A952-4670-96CA-50BAA12C7F29}.Debug (Exclude EpiMap)|Any CPU.Build.0 = Debug (Exclude EpiMap)|Any CPU
		{EBD2B961-A952-4670-96CA-50BAA12C7F29}.Debug (Exclude EpiMap)|Mixed Platforms.ActiveCfg = Debug (Exclude EpiMap)|x86
		{EBD2B961-A952-4670-96CA-50BAA12C7F29}.Debug (Exclude EpiMap)|Mixed Platforms.Build.0 = Debug (Exclude EpiMap)|x86
		{EBD2B961-A952-4670-96CA-50BAA12C7F29}.Debug (Exclude EpiMap)|x86.ActiveCfg = Debug (Exclude EpiMap)|x86
		{EBD2B961-A952-4670-96CA-50BAA12C7F29}.Debug (Exclude EpiMap)|x86.Build.0 = Debug (Exclude EpiMap)|x86
		{EBD2B961-A952-4670-96CA-50BAA12C7F29}.Debug|Any CPU.ActiveCfg = Debug|Any CPU
		{EBD2B961-A952-4670-96CA-50BAA12C7F29}.Debug|Any CPU.Build.0 = Debug|Any CPU
		{EBD2B961-A952-4670-96CA-50BAA12C7F29}.Debug|Mixed Platforms.ActiveCfg = Debug|x86
		{EBD2B961-A952-4670-96CA-50BAA12C7F29}.Debug|Mixed Platforms.Build.0 = Debug|x86
		{EBD2B961-A952-4670-96CA-50BAA12C7F29}.Debug|x86.ActiveCfg = Debug|x86
		{EBD2B961-A952-4670-96CA-50BAA12C7F29}.Debug|x86.Build.0 = Debug|x86
		{EBD2B961-A952-4670-96CA-50BAA12C7F29}.Epi.Enter.ServiceApplication|Any CPU.ActiveCfg = Epi.Enter.ServiceApplication|Any CPU
		{EBD2B961-A952-4670-96CA-50BAA12C7F29}.Epi.Enter.ServiceApplication|Any CPU.Build.0 = Epi.Enter.ServiceApplication|Any CPU
		{EBD2B961-A952-4670-96CA-50BAA12C7F29}.Epi.Enter.ServiceApplication|Mixed Platforms.ActiveCfg = Epi.Enter.ServiceApplication|x86
		{EBD2B961-A952-4670-96CA-50BAA12C7F29}.Epi.Enter.ServiceApplication|Mixed Platforms.Build.0 = Epi.Enter.ServiceApplication|x86
		{EBD2B961-A952-4670-96CA-50BAA12C7F29}.Epi.Enter.ServiceApplication|x86.ActiveCfg = Epi.Enter.ServiceApplication|x86
		{EBD2B961-A952-4670-96CA-50BAA12C7F29}.Epi.Enter.ServiceApplication|x86.Build.0 = Epi.Enter.ServiceApplication|x86
		{EBD2B961-A952-4670-96CA-50BAA12C7F29}.Linux|Any CPU.ActiveCfg = Linux|Any CPU
		{EBD2B961-A952-4670-96CA-50BAA12C7F29}.Linux|Any CPU.Build.0 = Linux|Any CPU
		{EBD2B961-A952-4670-96CA-50BAA12C7F29}.Linux|Mixed Platforms.ActiveCfg = Linux|x86
		{EBD2B961-A952-4670-96CA-50BAA12C7F29}.Linux|Mixed Platforms.Build.0 = Linux|x86
		{EBD2B961-A952-4670-96CA-50BAA12C7F29}.Linux|x86.ActiveCfg = Linux|x86
		{EBD2B961-A952-4670-96CA-50BAA12C7F29}.Linux|x86.Build.0 = Linux|x86
		{EBD2B961-A952-4670-96CA-50BAA12C7F29}.Release|Any CPU.ActiveCfg = Release|Any CPU
		{EBD2B961-A952-4670-96CA-50BAA12C7F29}.Release|Any CPU.Build.0 = Release|Any CPU
		{EBD2B961-A952-4670-96CA-50BAA12C7F29}.Release|Mixed Platforms.ActiveCfg = Release|x86
		{EBD2B961-A952-4670-96CA-50BAA12C7F29}.Release|Mixed Platforms.Build.0 = Release|x86
		{EBD2B961-A952-4670-96CA-50BAA12C7F29}.Release|x86.ActiveCfg = Release|x86
		{EBD2B961-A952-4670-96CA-50BAA12C7F29}.Release|x86.Build.0 = Release|x86
		{4696FF9B-C88A-447D-80F2-C9D1C6A09BA8}.Debug (Exclude EpiMap)|Any CPU.ActiveCfg = Debug|Any CPU
		{4696FF9B-C88A-447D-80F2-C9D1C6A09BA8}.Debug (Exclude EpiMap)|Any CPU.Build.0 = Debug|Any CPU
		{4696FF9B-C88A-447D-80F2-C9D1C6A09BA8}.Debug (Exclude EpiMap)|Mixed Platforms.ActiveCfg = Debug|Any CPU
		{4696FF9B-C88A-447D-80F2-C9D1C6A09BA8}.Debug (Exclude EpiMap)|Mixed Platforms.Build.0 = Debug|Any CPU
		{4696FF9B-C88A-447D-80F2-C9D1C6A09BA8}.Debug (Exclude EpiMap)|x86.ActiveCfg = Debug|Any CPU
		{4696FF9B-C88A-447D-80F2-C9D1C6A09BA8}.Debug (Exclude EpiMap)|x86.Build.0 = Debug|Any CPU
		{4696FF9B-C88A-447D-80F2-C9D1C6A09BA8}.Debug|Any CPU.ActiveCfg = Debug|Any CPU
		{4696FF9B-C88A-447D-80F2-C9D1C6A09BA8}.Debug|Any CPU.Build.0 = Debug|Any CPU
		{4696FF9B-C88A-447D-80F2-C9D1C6A09BA8}.Debug|Mixed Platforms.ActiveCfg = Debug|Any CPU
		{4696FF9B-C88A-447D-80F2-C9D1C6A09BA8}.Debug|Mixed Platforms.Build.0 = Debug|Any CPU
		{4696FF9B-C88A-447D-80F2-C9D1C6A09BA8}.Debug|x86.ActiveCfg = Debug|Any CPU
		{4696FF9B-C88A-447D-80F2-C9D1C6A09BA8}.Debug|x86.Build.0 = Debug|Any CPU
		{4696FF9B-C88A-447D-80F2-C9D1C6A09BA8}.Epi.Enter.ServiceApplication|Any CPU.ActiveCfg = Release|Any CPU
		{4696FF9B-C88A-447D-80F2-C9D1C6A09BA8}.Epi.Enter.ServiceApplication|Any CPU.Build.0 = Release|Any CPU
		{4696FF9B-C88A-447D-80F2-C9D1C6A09BA8}.Epi.Enter.ServiceApplication|Mixed Platforms.ActiveCfg = Release|Any CPU
		{4696FF9B-C88A-447D-80F2-C9D1C6A09BA8}.Epi.Enter.ServiceApplication|Mixed Platforms.Build.0 = Release|Any CPU
		{4696FF9B-C88A-447D-80F2-C9D1C6A09BA8}.Epi.Enter.ServiceApplication|x86.ActiveCfg = Release|Any CPU
		{4696FF9B-C88A-447D-80F2-C9D1C6A09BA8}.Epi.Enter.ServiceApplication|x86.Build.0 = Release|Any CPU
		{4696FF9B-C88A-447D-80F2-C9D1C6A09BA8}.Linux|Any CPU.ActiveCfg = Release|Any CPU
		{4696FF9B-C88A-447D-80F2-C9D1C6A09BA8}.Linux|Any CPU.Build.0 = Release|Any CPU
		{4696FF9B-C88A-447D-80F2-C9D1C6A09BA8}.Linux|Mixed Platforms.ActiveCfg = Release|Any CPU
		{4696FF9B-C88A-447D-80F2-C9D1C6A09BA8}.Linux|Mixed Platforms.Build.0 = Release|Any CPU
		{4696FF9B-C88A-447D-80F2-C9D1C6A09BA8}.Linux|x86.ActiveCfg = Release|Any CPU
		{4696FF9B-C88A-447D-80F2-C9D1C6A09BA8}.Linux|x86.Build.0 = Release|Any CPU
		{4696FF9B-C88A-447D-80F2-C9D1C6A09BA8}.Release|Any CPU.ActiveCfg = Release|Any CPU
		{4696FF9B-C88A-447D-80F2-C9D1C6A09BA8}.Release|Any CPU.Build.0 = Release|Any CPU
		{4696FF9B-C88A-447D-80F2-C9D1C6A09BA8}.Release|Mixed Platforms.ActiveCfg = Release|Any CPU
		{4696FF9B-C88A-447D-80F2-C9D1C6A09BA8}.Release|Mixed Platforms.Build.0 = Release|Any CPU
		{4696FF9B-C88A-447D-80F2-C9D1C6A09BA8}.Release|x86.ActiveCfg = Release|Any CPU
		{4696FF9B-C88A-447D-80F2-C9D1C6A09BA8}.Release|x86.Build.0 = Release|Any CPU
	EndGlobalSection
	GlobalSection(SolutionProperties) = preSolution
		HideSolutionNode = FALSE
	EndGlobalSection
	GlobalSection(NestedProjects) = preSolution
		{EBD2B961-A952-4670-96CA-50BAA12C7F29} = {981A998A-AD70-41C0-BD68-FC54AB453921}
		{4696FF9B-C88A-447D-80F2-C9D1C6A09BA8} = {981A998A-AD70-41C0-BD68-FC54AB453921}
		{83D23736-9927-42F2-9D37-4A20263B4C17} = {2D97BB9D-8A5E-4D42-9B43-C8677E570D8F}
	EndGlobalSection
EndGlobal
